// !$*UTF8*$!
{
	archiveVersion = 1;
	classes = {
	};
	objectVersion = 46;
	objects = {

/* Begin PBXBuildFile section */
		4403BCB417EF708300B5A4E1 /* MWTopbarButton.m in Sources */ = {isa = PBXBuildFile; fileRef = 4403BCB317EF708300B5A4E1 /* MWTopbarButton.m */; };
		4403BCBA17EF7ABC00B5A4E1 /* level@2x.png in Resources */ = {isa = PBXBuildFile; fileRef = 4403BCB617EF7ABC00B5A4E1 /* level@2x.png */; };
		4403BCBB17EF7ABC00B5A4E1 /* pitch@2x.png in Resources */ = {isa = PBXBuildFile; fileRef = 4403BCB717EF7ABC00B5A4E1 /* pitch@2x.png */; };
		4403BCBC17EF7ABC00B5A4E1 /* roll@2x.png in Resources */ = {isa = PBXBuildFile; fileRef = 4403BCB817EF7ABC00B5A4E1 /* roll@2x.png */; };
		4403BCBD17EF7ABC00B5A4E1 /* yaw@2x.png in Resources */ = {isa = PBXBuildFile; fileRef = 4403BCB917EF7ABC00B5A4E1 /* yaw@2x.png */; };
		44453CA017518F6900929EC8 /* UIKit.framework in Frameworks */ = {isa = PBXBuildFile; fileRef = 44453C9F17518F6900929EC8 /* UIKit.framework */; };
		44453CA217518F6900929EC8 /* Foundation.framework in Frameworks */ = {isa = PBXBuildFile; fileRef = 44453CA117518F6900929EC8 /* Foundation.framework */; };
		44453CA417518F6900929EC8 /* CoreGraphics.framework in Frameworks */ = {isa = PBXBuildFile; fileRef = 44453CA317518F6900929EC8 /* CoreGraphics.framework */; };
		44453CAA17518F6900929EC8 /* InfoPlist.strings in Resources */ = {isa = PBXBuildFile; fileRef = 44453CA817518F6900929EC8 /* InfoPlist.strings */; };
		44453CAC17518F6900929EC8 /* main.m in Sources */ = {isa = PBXBuildFile; fileRef = 44453CAB17518F6900929EC8 /* main.m */; };
		44453CB017518F6900929EC8 /* MWAppDelegate.m in Sources */ = {isa = PBXBuildFile; fileRef = 44453CAF17518F6900929EC8 /* MWAppDelegate.m */; };
		44519D31179B1BD7006E4EB7 /* separator.png in Resources */ = {isa = PBXBuildFile; fileRef = 44519D2F179B1BD7006E4EB7 /* separator.png */; };
		44519D32179B1BD7006E4EB7 /* separator@2x.png in Resources */ = {isa = PBXBuildFile; fileRef = 44519D30179B1BD7006E4EB7 /* separator@2x.png */; };
		44519D34179B4ACD006E4EB7 /* aux_pressed@2x.png in Resources */ = {isa = PBXBuildFile; fileRef = 44519D33179B4ACD006E4EB7 /* aux_pressed@2x.png */; };
		44519D36179B4B7F006E4EB7 /* MWPidAdjustCell.xib in Resources */ = {isa = PBXBuildFile; fileRef = 44519D35179B4B7F006E4EB7 /* MWPidAdjustCell.xib */; };
		44519D3A179B5C7C006E4EB7 /* MWSensorsPidViewController.m in Sources */ = {isa = PBXBuildFile; fileRef = 44519D39179B5C7C006E4EB7 /* MWSensorsPidViewController.m */; };
		44519D40179B6A30006E4EB7 /* calibrate_acc@2x.png in Resources */ = {isa = PBXBuildFile; fileRef = 44519D3C179B6A30006E4EB7 /* calibrate_acc@2x.png */; };
		44519D41179B6A30006E4EB7 /* calibrate_acc_pressed@2x.png in Resources */ = {isa = PBXBuildFile; fileRef = 44519D3D179B6A30006E4EB7 /* calibrate_acc_pressed@2x.png */; };
		44519D42179B6A30006E4EB7 /* calibrate_mag@2x.png in Resources */ = {isa = PBXBuildFile; fileRef = 44519D3E179B6A30006E4EB7 /* calibrate_mag@2x.png */; };
		44519D43179B6A30006E4EB7 /* calibrate_mag_pressed@2x.png in Resources */ = {isa = PBXBuildFile; fileRef = 44519D3F179B6A30006E4EB7 /* calibrate_mag_pressed@2x.png */; };
		44519D4A179BF655006E4EB7 /* CBUUID+StringValue.m in Sources */ = {isa = PBXBuildFile; fileRef = 44519D46179BF655006E4EB7 /* CBUUID+StringValue.m */; };
		44519D4B179BF655006E4EB7 /* MWBluetoothManager.m in Sources */ = {isa = PBXBuildFile; fileRef = 44519D48179BF655006E4EB7 /* MWBluetoothManager.m */; };
		44519D4D179BF749006E4EB7 /* CoreBluetooth.framework in Frameworks */ = {isa = PBXBuildFile; fileRef = 44519D4C179BF749006E4EB7 /* CoreBluetooth.framework */; };
		44519D51179BFB72006E4EB7 /* MWSettingsEntity.m in Sources */ = {isa = PBXBuildFile; fileRef = 44519D50179BFB72006E4EB7 /* MWSettingsEntity.m */; };
		44519D54179BFE9C006E4EB7 /* MWPIDSettingsEntity.m in Sources */ = {isa = PBXBuildFile; fileRef = 44519D53179BFE9C006E4EB7 /* MWPIDSettingsEntity.m */; };
		44519D57179BFF27006E4EB7 /* MWFlyPidSettings.m in Sources */ = {isa = PBXBuildFile; fileRef = 44519D56179BFF26006E4EB7 /* MWFlyPidSettings.m */; };
		44519D5D179C04D1006E4EB7 /* MWPidSettingsManager.m in Sources */ = {isa = PBXBuildFile; fileRef = 44519D5C179C04D0006E4EB7 /* MWPidSettingsManager.m */; };
		44519D60179C04F2006E4EB7 /* MWSensorsPidSettings.m in Sources */ = {isa = PBXBuildFile; fileRef = 44519D5F179C04F2006E4EB7 /* MWSensorsPidSettings.m */; };
		44519D63179C050A006E4EB7 /* MWGPSPidSettings.m in Sources */ = {isa = PBXBuildFile; fileRef = 44519D62179C0509006E4EB7 /* MWGPSPidSettings.m */; };
		44519D67179C7050006E4EB7 /* MWFlyPidViewController.m in Sources */ = {isa = PBXBuildFile; fileRef = 44519D66179C7050006E4EB7 /* MWFlyPidViewController.m */; };
		44519D6B179D5223006E4EB7 /* MWConnectViewController.m in Sources */ = {isa = PBXBuildFile; fileRef = 44519D6A179D5223006E4EB7 /* MWConnectViewController.m */; };
		44519D6F179D83C5006E4EB7 /* MWDevicePreviewCell.m in Sources */ = {isa = PBXBuildFile; fileRef = 44519D6E179D83C5006E4EB7 /* MWDevicePreviewCell.m */; };
		44519D71179D8507006E4EB7 /* MWDevicePreviewCell.xib in Resources */ = {isa = PBXBuildFile; fileRef = 44519D70179D8507006E4EB7 /* MWDevicePreviewCell.xib */; };
		44519D75179DCDA8006E4EB7 /* MWGlobalManager.m in Sources */ = {isa = PBXBuildFile; fileRef = 44519D74179DCDA8006E4EB7 /* MWGlobalManager.m */; };
		44519D78179DCF88006E4EB7 /* MWMultiwiiProtocolManager.m in Sources */ = {isa = PBXBuildFile; fileRef = 44519D77179DCF88006E4EB7 /* MWMultiwiiProtocolManager.m */; };
		44A6BD7C178D5C3700DC95C6 /* about@2x.png in Resources */ = {isa = PBXBuildFile; fileRef = 44A6BD72178D5C3700DC95C6 /* about@2x.png */; };
		44A6BD7D178D5C3700DC95C6 /* about_pressed@2x.png in Resources */ = {isa = PBXBuildFile; fileRef = 44A6BD73178D5C3700DC95C6 /* about_pressed@2x.png */; };
		44A6BD7E178D5C3700DC95C6 /* connect@2x.png in Resources */ = {isa = PBXBuildFile; fileRef = 44A6BD74178D5C3700DC95C6 /* connect@2x.png */; };
		44A6BD7F178D5C3700DC95C6 /* connect_pressed@2x.png in Resources */ = {isa = PBXBuildFile; fileRef = 44A6BD75178D5C3700DC95C6 /* connect_pressed@2x.png */; };
		44A6BD80178D5C3700DC95C6 /* control@2x.png in Resources */ = {isa = PBXBuildFile; fileRef = 44A6BD76178D5C3700DC95C6 /* control@2x.png */; };
		44A6BD81178D5C3700DC95C6 /* control_pressed@2x.png in Resources */ = {isa = PBXBuildFile; fileRef = 44A6BD77178D5C3700DC95C6 /* control_pressed@2x.png */; };
		44A6BD82178D5C3700DC95C6 /* settings@2x.png in Resources */ = {isa = PBXBuildFile; fileRef = 44A6BD78178D5C3700DC95C6 /* settings@2x.png */; };
		44A6BD84178D5C3700DC95C6 /* telemetry@2x.png in Resources */ = {isa = PBXBuildFile; fileRef = 44A6BD7A178D5C3700DC95C6 /* telemetry@2x.png */; };
		44A6BD85178D5C3700DC95C6 /* telemetry_pressed@2x.png in Resources */ = {isa = PBXBuildFile; fileRef = 44A6BD7B178D5C3700DC95C6 /* telemetry_pressed@2x.png */; };
		44A6BD89178D703B00DC95C6 /* settings_pressed@2x.png in Resources */ = {isa = PBXBuildFile; fileRef = 44A6BD88178D703B00DC95C6 /* settings_pressed@2x.png */; };
		44A6BD8B178D744B00DC95C6 /* circle@2x.png in Resources */ = {isa = PBXBuildFile; fileRef = 44A6BD8A178D744B00DC95C6 /* circle@2x.png */; };
		44A6BD8F178D7DE000DC95C6 /* arrow_press@2x.png in Resources */ = {isa = PBXBuildFile; fileRef = 44A6BD8C178D7DE000DC95C6 /* arrow_press@2x.png */; };
		44A6BD90178D7DE000DC95C6 /* arrow@2x.png in Resources */ = {isa = PBXBuildFile; fileRef = 44A6BD8D178D7DE000DC95C6 /* arrow@2x.png */; };
		44A6BD91178D7DE000DC95C6 /* grayLine.png in Resources */ = {isa = PBXBuildFile; fileRef = 44A6BD8E178D7DE000DC95C6 /* grayLine.png */; };
		44A6BD94178D82E200DC95C6 /* back_button_press@2x.png in Resources */ = {isa = PBXBuildFile; fileRef = 44A6BD92178D82E200DC95C6 /* back_button_press@2x.png */; };
		44A6BD95178D82E200DC95C6 /* back_button@2x.png in Resources */ = {isa = PBXBuildFile; fileRef = 44A6BD93178D82E200DC95C6 /* back_button@2x.png */; };
		44A6BD98178D86B300DC95C6 /* gradient_menu-text.png in Resources */ = {isa = PBXBuildFile; fileRef = 44A6BD96178D86B300DC95C6 /* gradient_menu-text.png */; };
		44A6BD99178D86B300DC95C6 /* gradient_menu-text@2x.png in Resources */ = {isa = PBXBuildFile; fileRef = 44A6BD97178D86B300DC95C6 /* gradient_menu-text@2x.png */; };
		44A6BD9F178D8AA000DC95C6 /* MWMainViewController.m in Sources */ = {isa = PBXBuildFile; fileRef = 44A6BD9E178D8AA000DC95C6 /* MWMainViewController.m */; };
		44A6BDA0178D8B1C00DC95C6 /* MWMenuViewController.m in Sources */ = {isa = PBXBuildFile; fileRef = 44A6BD9C178D89C700DC95C6 /* MWMenuViewController.m */; };
		44A6BDA4178D994F00DC95C6 /* MWSettingsViewController.m in Sources */ = {isa = PBXBuildFile; fileRef = 44A6BDA3178D994F00DC95C6 /* MWSettingsViewController.m */; };
		44A6BDB0178D9B0B00DC95C6 /* aux@2x.png in Resources */ = {isa = PBXBuildFile; fileRef = 44A6BDA6178D9B0B00DC95C6 /* aux@2x.png */; };
		44A6BDB2178D9B0B00DC95C6 /* exponents@2x.png in Resources */ = {isa = PBXBuildFile; fileRef = 44A6BDA8178D9B0B00DC95C6 /* exponents@2x.png */; };
		44A6BDB3178D9B0B00DC95C6 /* exponents_pressed@2x.png in Resources */ = {isa = PBXBuildFile; fileRef = 44A6BDA9178D9B0B00DC95C6 /* exponents_pressed@2x.png */; };
		44A6BDB4178D9B0B00DC95C6 /* pid_fly@2x.png in Resources */ = {isa = PBXBuildFile; fileRef = 44A6BDAA178D9B0B00DC95C6 /* pid_fly@2x.png */; };
		44A6BDB5178D9B0B00DC95C6 /* pid_fly_pressed@2x.png in Resources */ = {isa = PBXBuildFile; fileRef = 44A6BDAB178D9B0B00DC95C6 /* pid_fly_pressed@2x.png */; };
		44A6BDB6178D9B0B00DC95C6 /* pid_gps@2x.png in Resources */ = {isa = PBXBuildFile; fileRef = 44A6BDAC178D9B0B00DC95C6 /* pid_gps@2x.png */; };
		44A6BDB7178D9B0B00DC95C6 /* pid_gps_pressed@2x.png in Resources */ = {isa = PBXBuildFile; fileRef = 44A6BDAD178D9B0B00DC95C6 /* pid_gps_pressed@2x.png */; };
		44A6BDB8178D9B0B00DC95C6 /* pid_sensors@2x.png in Resources */ = {isa = PBXBuildFile; fileRef = 44A6BDAE178D9B0B00DC95C6 /* pid_sensors@2x.png */; };
		44A6BDB9178D9B0B00DC95C6 /* pid_sensors_pressed@2x.png in Resources */ = {isa = PBXBuildFile; fileRef = 44A6BDAF178D9B0B00DC95C6 /* pid_sensors_pressed@2x.png */; };
		44A6BDBD178D9EC900DC95C6 /* MWMenuSubtitleCell.m in Sources */ = {isa = PBXBuildFile; fileRef = 44A6BDBC178D9EC900DC95C6 /* MWMenuSubtitleCell.m */; };
		44A6BDC3178DA6AD00DC95C6 /* StoryboardiPhone.storyboard in Resources */ = {isa = PBXBuildFile; fileRef = 44A6BDBF178DA6AD00DC95C6 /* StoryboardiPhone.storyboard */; };
		44A6BDC5178DA7ED00DC95C6 /* MWMainMenuCell.xib in Resources */ = {isa = PBXBuildFile; fileRef = 44A6BDC4178DA7ED00DC95C6 /* MWMainMenuCell.xib */; };
		44A6BDC7178DA8F200DC95C6 /* MWMenuSubtitleCell.xib in Resources */ = {isa = PBXBuildFile; fileRef = 44A6BDC6178DA8F200DC95C6 /* MWMenuSubtitleCell.xib */; };
		44A6BDCC178DFC8400DC95C6 /* MWAboutViewController.m in Sources */ = {isa = PBXBuildFile; fileRef = 44A6BDCB178DFC8400DC95C6 /* MWAboutViewController.m */; };
		44A6BDDA178E020300DC95C6 /* about_author@2x.png in Resources */ = {isa = PBXBuildFile; fileRef = 44A6BDCE178E020300DC95C6 /* about_author@2x.png */; };
		44A6BDDB178E020300DC95C6 /* about_author_pressed@2x.png in Resources */ = {isa = PBXBuildFile; fileRef = 44A6BDCF178E020300DC95C6 /* about_author_pressed@2x.png */; };
		44A6BDDC178E020300DC95C6 /* about_program@2x.png in Resources */ = {isa = PBXBuildFile; fileRef = 44A6BDD0178E020300DC95C6 /* about_program@2x.png */; };
		44A6BDDD178E020300DC95C6 /* about_program_pressed@2x.png in Resources */ = {isa = PBXBuildFile; fileRef = 44A6BDD1178E020300DC95C6 /* about_program_pressed@2x.png */; };
		44A6BDDE178E020300DC95C6 /* ask@2x.png in Resources */ = {isa = PBXBuildFile; fileRef = 44A6BDD2178E020300DC95C6 /* ask@2x.png */; };
		44A6BDDF178E020300DC95C6 /* ask_pressed@2x.png in Resources */ = {isa = PBXBuildFile; fileRef = 44A6BDD3178E020300DC95C6 /* ask_pressed@2x.png */; };
		44A6BDE0178E020300DC95C6 /* bug@2x.png in Resources */ = {isa = PBXBuildFile; fileRef = 44A6BDD4178E020300DC95C6 /* bug@2x.png */; };
		44A6BDE1178E020300DC95C6 /* bug_pressed@2x.png in Resources */ = {isa = PBXBuildFile; fileRef = 44A6BDD5178E020300DC95C6 /* bug_pressed@2x.png */; };
		44A6BDE2178E020300DC95C6 /* feedback@2x.png in Resources */ = {isa = PBXBuildFile; fileRef = 44A6BDD6178E020300DC95C6 /* feedback@2x.png */; };
		44A6BDE3178E020300DC95C6 /* feedback_pressed@2x.png in Resources */ = {isa = PBXBuildFile; fileRef = 44A6BDD7178E020300DC95C6 /* feedback_pressed@2x.png */; };
		44A6BDE4178E020300DC95C6 /* how_to_connect@2x.png in Resources */ = {isa = PBXBuildFile; fileRef = 44A6BDD8178E020300DC95C6 /* how_to_connect@2x.png */; };
		44A6BDE5178E020300DC95C6 /* how_to_connect_pressed@2x.png in Resources */ = {isa = PBXBuildFile; fileRef = 44A6BDD9178E020300DC95C6 /* how_to_connect_pressed@2x.png */; };
		44A6BDEA178E06F800DC95C6 /* MWAUXCheckBoxCell.m in Sources */ = {isa = PBXBuildFile; fileRef = 44A6BDE9178E06F800DC95C6 /* MWAUXCheckBoxCell.m */; };
		44A6BDEC178E070F00DC95C6 /* MWAUXCheckBoxCell.xib in Resources */ = {isa = PBXBuildFile; fileRef = 44A6BDEB178E070F00DC95C6 /* MWAUXCheckBoxCell.xib */; };
		44A6BDF0178E089900DC95C6 /* aux_check@2x.png in Resources */ = {isa = PBXBuildFile; fileRef = 44A6BDEE178E089900DC95C6 /* aux_check@2x.png */; };
		44A6BDF1178E089900DC95C6 /* aux_uncheck@2x.png in Resources */ = {isa = PBXBuildFile; fileRef = 44A6BDEF178E089900DC95C6 /* aux_uncheck@2x.png */; };
		44A6BDF5178E095C00DC95C6 /* MACheckBox.m in Sources */ = {isa = PBXBuildFile; fileRef = 44A6BDF4178E095C00DC95C6 /* MACheckBox.m */; };
		44A6BDF9178EBB6C00DC95C6 /* MWAuxSelectViewController.m in Sources */ = {isa = PBXBuildFile; fileRef = 44A6BDF8178EBB6C00DC95C6 /* MWAuxSelectViewController.m */; };
		44A6BDFD178EC6C100DC95C6 /* MASwitch.m in Sources */ = {isa = PBXBuildFile; fileRef = 44A6BDFC178EC6C100DC95C6 /* MASwitch.m */; };
		44A6BE08178EDC0C00DC95C6 /* MWBaseButton.m in Sources */ = {isa = PBXBuildFile; fileRef = 44A6BE07178EDC0C00DC95C6 /* MWBaseButton.m */; };
		44A6BE0B178EDC4000DC95C6 /* MWIconBaseButton.m in Sources */ = {isa = PBXBuildFile; fileRef = 44A6BE0A178EDC4000DC95C6 /* MWIconBaseButton.m */; };
		44A6BE0F178EDDBF00DC95C6 /* icon_button@2x.png in Resources */ = {isa = PBXBuildFile; fileRef = 44A6BE0D178EDDBF00DC95C6 /* icon_button@2x.png */; };
		44A6BE10178EDDBF00DC95C6 /* icon_button_pressed@2x.png in Resources */ = {isa = PBXBuildFile; fileRef = 44A6BE0E178EDDBF00DC95C6 /* icon_button_pressed@2x.png */; };
		44A6BE13178EE50F00DC95C6 /* MWBuyButton.m in Sources */ = {isa = PBXBuildFile; fileRef = 44A6BE12178EE50F00DC95C6 /* MWBuyButton.m */; };
		44A6BE16178EE5F200DC95C6 /* MWVisitSiteButton.m in Sources */ = {isa = PBXBuildFile; fileRef = 44A6BE15178EE5F200DC95C6 /* MWVisitSiteButton.m */; };
		44A6BE1B178EE92000DC95C6 /* buy@2x.png in Resources */ = {isa = PBXBuildFile; fileRef = 44A6BE17178EE92000DC95C6 /* buy@2x.png */; };
		44A6BE1C178EE92000DC95C6 /* site@2x.png in Resources */ = {isa = PBXBuildFile; fileRef = 44A6BE18178EE92000DC95C6 /* site@2x.png */; };
		44A6BE1D178EE92000DC95C6 /* top_bar_button_pressed@2x.png in Resources */ = {isa = PBXBuildFile; fileRef = 44A6BE19178EE92000DC95C6 /* top_bar_button_pressed@2x.png */; };
		44A6BE1E178EE92000DC95C6 /* top_bar_button@2x.png in Resources */ = {isa = PBXBuildFile; fileRef = 44A6BE1A178EE92000DC95C6 /* top_bar_button@2x.png */; };
		44A6BE22178EF6B300DC95C6 /* MWHeader3LabelView.m in Sources */ = {isa = PBXBuildFile; fileRef = 44A6BE21178EF6B300DC95C6 /* MWHeader3LabelView.m */; };
		44A6BE25178EFC5600DC95C6 /* MWPidAdjustCell.m in Sources */ = {isa = PBXBuildFile; fileRef = 44A6BE24178EFC5600DC95C6 /* MWPidAdjustCell.m */; };
		44AE5A9017FC231400AAAC30 /* title_element@2x.png in Resources */ = {isa = PBXBuildFile; fileRef = 44AE5A8F17FC231400AAAC30 /* title_element@2x.png */; };
		44B4BB6C1780E0E700CE91A8 /* UIViewAdditions.m in Sources */ = {isa = PBXBuildFile; fileRef = 44B4BB6B1780E0E700CE91A8 /* UIViewAdditions.m */; };
		44C7CA3F1789C5520059C199 /* Splash.png in Resources */ = {isa = PBXBuildFile; fileRef = 44C7CA3C1789C5520059C199 /* Splash.png */; };
		44C7CA401789C5520059C199 /* Splash5.png in Resources */ = {isa = PBXBuildFile; fileRef = 44C7CA3D1789C5520059C199 /* Splash5.png */; };
		44C7CA411789C5520059C199 /* Splash@2x.png in Resources */ = {isa = PBXBuildFile; fileRef = 44C7CA3E1789C5520059C199 /* Splash@2x.png */; };
		44C7CA431789C7700059C199 /* Default.png in Resources */ = {isa = PBXBuildFile; fileRef = 44C7CA421789C7700059C199 /* Default.png */; };
		44C7CA451789C77C0059C199 /* Default@2x.png in Resources */ = {isa = PBXBuildFile; fileRef = 44C7CA441789C77C0059C199 /* Default@2x.png */; };
		44C7CA471789C7880059C199 /* Default-568h@2x.png in Resources */ = {isa = PBXBuildFile; fileRef = 44C7CA461789C7880059C199 /* Default-568h@2x.png */; };
		44C7CA4B1789CCEC0059C199 /* MWSplashView.m in Sources */ = {isa = PBXBuildFile; fileRef = 44C7CA4A1789CCEC0059C199 /* MWSplashView.m */; };
		44C7CA541789CDA40059C199 /* MAQuadrocopterFrame.m in Sources */ = {isa = PBXBuildFile; fileRef = 44C7CA4E1789CDA40059C199 /* MAQuadrocopterFrame.m */; };
		44C7CA551789CDA40059C199 /* MAKnobView.m in Sources */ = {isa = PBXBuildFile; fileRef = 44C7CA511789CDA40059C199 /* MAKnobView.m */; };
		44C7CA561789CDA40059C199 /* MAKnobContainerLabeledView.m in Sources */ = {isa = PBXBuildFile; fileRef = 44C7CA531789CDA40059C199 /* MAKnobContainerLabeledView.m */; };
		44C7CA5C1789CE480059C199 /* MWBaseViewController.m in Sources */ = {isa = PBXBuildFile; fileRef = 44C7CA5B1789CE480059C199 /* MWBaseViewController.m */; };
		44C7CA721789D9860059C199 /* aux_check@2x.png in Resources */ = {isa = PBXBuildFile; fileRef = 44C7CA611789D9850059C199 /* aux_check@2x.png */; };
		44C7CA731789D9860059C199 /* aux_uncheck@2x.png in Resources */ = {isa = PBXBuildFile; fileRef = 44C7CA621789D9850059C199 /* aux_uncheck@2x.png */; };
		44C7CA741789D9860059C199 /* knob@2x.png in Resources */ = {isa = PBXBuildFile; fileRef = 44C7CA641789D9860059C199 /* knob@2x.png */; };
		44C7CA751789D9860059C199 /* knob_active@2x.png in Resources */ = {isa = PBXBuildFile; fileRef = 44C7CA651789D9860059C199 /* knob_active@2x.png */; };
		44C7CA761789D9860059C199 /* knob_handle@2x.png in Resources */ = {isa = PBXBuildFile; fileRef = 44C7CA661789D9860059C199 /* knob_handle@2x.png */; };
		44C7CA771789D9860059C199 /* center@2x.png in Resources */ = {isa = PBXBuildFile; fileRef = 44C7CA681789D9860059C199 /* center@2x.png */; };
		44C7CA781789D9860059C199 /* frame@2x.png in Resources */ = {isa = PBXBuildFile; fileRef = 44C7CA691789D9860059C199 /* frame@2x.png */; };
		44C7CA791789D9860059C199 /* propeller@2x.png in Resources */ = {isa = PBXBuildFile; fileRef = 44C7CA6A1789D9860059C199 /* propeller@2x.png */; };
		44C7CA7A1789D9860059C199 /* ring@2x.png in Resources */ = {isa = PBXBuildFile; fileRef = 44C7CA6B1789D9860059C199 /* ring@2x.png */; };
		44C7CA7B1789D9860059C199 /* locked_icon@2x.png in Resources */ = {isa = PBXBuildFile; fileRef = 44C7CA6D1789D9860059C199 /* locked_icon@2x.png */; };
		44C7CA7C1789D9860059C199 /* slider@2x.png in Resources */ = {isa = PBXBuildFile; fileRef = 44C7CA6E1789D9860059C199 /* slider@2x.png */; };
		44C7CA7D1789D9860059C199 /* switch_locked@2x.png in Resources */ = {isa = PBXBuildFile; fileRef = 44C7CA6F1789D9860059C199 /* switch_locked@2x.png */; };
		44C7CA7E1789D9860059C199 /* switch_unlocked@2x.png in Resources */ = {isa = PBXBuildFile; fileRef = 44C7CA701789D9860059C199 /* switch_unlocked@2x.png */; };
		44C7CA7F1789D9860059C199 /* unlocked_icon@2x.png in Resources */ = {isa = PBXBuildFile; fileRef = 44C7CA711789D9860059C199 /* unlocked_icon@2x.png */; };
		44C7CA82178A02640059C199 /* top_bar@2x.png in Resources */ = {isa = PBXBuildFile; fileRef = 44C7CA81178A02640059C199 /* top_bar@2x.png */; };
		44C7CA84178A0BF20059C199 /* gradient_title-text@2x.png in Resources */ = {isa = PBXBuildFile; fileRef = 44C7CA83178A0BF10059C199 /* gradient_title-text@2x.png */; };
		44C7CA8C178A0D610059C199 /* Montserrat-Bold.ttf in Resources */ = {isa = PBXBuildFile; fileRef = 44C7CA86178A0D610059C199 /* Montserrat-Bold.ttf */; };
		44C7CA8D178A0D610059C199 /* Montserrat-Regular.ttf in Resources */ = {isa = PBXBuildFile; fileRef = 44C7CA87178A0D610059C199 /* Montserrat-Regular.ttf */; };
		44C7CA8E178A0D610059C199 /* MontserratAlternates-Bold.ttf in Resources */ = {isa = PBXBuildFile; fileRef = 44C7CA88178A0D610059C199 /* MontserratAlternates-Bold.ttf */; };
		44C7CA8F178A0D610059C199 /* MontserratAlternates-Regular.ttf in Resources */ = {isa = PBXBuildFile; fileRef = 44C7CA89178A0D610059C199 /* MontserratAlternates-Regular.ttf */; };
		44C7CA90178A0D610059C199 /* MontserratSubrayada-Bold.ttf in Resources */ = {isa = PBXBuildFile; fileRef = 44C7CA8A178A0D610059C199 /* MontserratSubrayada-Bold.ttf */; };
		44C7CA91178A0D610059C199 /* MontserratSubrayada-Regular.ttf in Resources */ = {isa = PBXBuildFile; fileRef = 44C7CA8B178A0D610059C199 /* MontserratSubrayada-Regular.ttf */; };
		44C7CA95178A19300059C199 /* bg_pattern@2x.png in Resources */ = {isa = PBXBuildFile; fileRef = 44C7CA93178A19300059C199 /* bg_pattern@2x.png */; };
		44C7CA96178A19300059C199 /* cell@2x.png in Resources */ = {isa = PBXBuildFile; fileRef = 44C7CA94178A19300059C199 /* cell@2x.png */; };
		44C7CA9D178A1C430059C199 /* MWBaseTableViewCell.m in Sources */ = {isa = PBXBuildFile; fileRef = 44C7CA9C178A1C430059C199 /* MWBaseTableViewCell.m */; };
		44C7CAA0178A1C5D0059C199 /* MWMainMenuCell.m in Sources */ = {isa = PBXBuildFile; fileRef = 44C7CA9F178A1C5D0059C199 /* MWMainMenuCell.m */; };
/* End PBXBuildFile section */

/* Begin PBXFileReference section */
		4403BCB217EF708300B5A4E1 /* MWTopbarButton.h */ = {isa = PBXFileReference; fileEncoding = 4; lastKnownFileType = sourcecode.c.h; path = MWTopbarButton.h; sourceTree = "<group>"; };
		4403BCB317EF708300B5A4E1 /* MWTopbarButton.m */ = {isa = PBXFileReference; fileEncoding = 4; lastKnownFileType = sourcecode.c.objc; path = MWTopbarButton.m; sourceTree = "<group>"; };
		4403BCB617EF7ABC00B5A4E1 /* level@2x.png */ = {isa = PBXFileReference; lastKnownFileType = image.png; path = "level@2x.png"; sourceTree = "<group>"; };
		4403BCB717EF7ABC00B5A4E1 /* pitch@2x.png */ = {isa = PBXFileReference; lastKnownFileType = image.png; path = "pitch@2x.png"; sourceTree = "<group>"; };
		4403BCB817EF7ABC00B5A4E1 /* roll@2x.png */ = {isa = PBXFileReference; lastKnownFileType = image.png; path = "roll@2x.png"; sourceTree = "<group>"; };
		4403BCB917EF7ABC00B5A4E1 /* yaw@2x.png */ = {isa = PBXFileReference; lastKnownFileType = image.png; path = "yaw@2x.png"; sourceTree = "<group>"; };
		44453C9C17518F6900929EC8 /* MultiWii.app */ = {isa = PBXFileReference; explicitFileType = wrapper.application; includeInIndex = 0; path = MultiWii.app; sourceTree = BUILT_PRODUCTS_DIR; };
		44453C9F17518F6900929EC8 /* UIKit.framework */ = {isa = PBXFileReference; lastKnownFileType = wrapper.framework; name = UIKit.framework; path = System/Library/Frameworks/UIKit.framework; sourceTree = SDKROOT; };
		44453CA117518F6900929EC8 /* Foundation.framework */ = {isa = PBXFileReference; lastKnownFileType = wrapper.framework; name = Foundation.framework; path = System/Library/Frameworks/Foundation.framework; sourceTree = SDKROOT; };
		44453CA317518F6900929EC8 /* CoreGraphics.framework */ = {isa = PBXFileReference; lastKnownFileType = wrapper.framework; name = CoreGraphics.framework; path = System/Library/Frameworks/CoreGraphics.framework; sourceTree = SDKROOT; };
		44453CA717518F6900929EC8 /* MultiWii-Info.plist */ = {isa = PBXFileReference; lastKnownFileType = text.plist.xml; path = "MultiWii-Info.plist"; sourceTree = "<group>"; };
		44453CA917518F6900929EC8 /* en */ = {isa = PBXFileReference; lastKnownFileType = text.plist.strings; name = en; path = en.lproj/InfoPlist.strings; sourceTree = "<group>"; };
		44453CAB17518F6900929EC8 /* main.m */ = {isa = PBXFileReference; lastKnownFileType = sourcecode.c.objc; path = main.m; sourceTree = "<group>"; };
		44453CAD17518F6900929EC8 /* MultiWii-Prefix.pch */ = {isa = PBXFileReference; lastKnownFileType = sourcecode.c.h; path = "MultiWii-Prefix.pch"; sourceTree = "<group>"; };
		44453CAE17518F6900929EC8 /* MWAppDelegate.h */ = {isa = PBXFileReference; lastKnownFileType = sourcecode.c.h; path = MWAppDelegate.h; sourceTree = "<group>"; };
		44453CAF17518F6900929EC8 /* MWAppDelegate.m */ = {isa = PBXFileReference; lastKnownFileType = sourcecode.c.objc; path = MWAppDelegate.m; sourceTree = "<group>"; };
		44519D2F179B1BD7006E4EB7 /* separator.png */ = {isa = PBXFileReference; lastKnownFileType = image.png; path = separator.png; sourceTree = "<group>"; };
		44519D30179B1BD7006E4EB7 /* separator@2x.png */ = {isa = PBXFileReference; lastKnownFileType = image.png; path = "separator@2x.png"; sourceTree = "<group>"; };
		44519D33179B4ACD006E4EB7 /* aux_pressed@2x.png */ = {isa = PBXFileReference; lastKnownFileType = image.png; path = "aux_pressed@2x.png"; sourceTree = "<group>"; };
		44519D35179B4B7F006E4EB7 /* MWPidAdjustCell.xib */ = {isa = PBXFileReference; fileEncoding = 4; lastKnownFileType = file.xib; path = MWPidAdjustCell.xib; sourceTree = "<group>"; };
		44519D38179B5C7C006E4EB7 /* MWSensorsPidViewController.h */ = {isa = PBXFileReference; fileEncoding = 4; lastKnownFileType = sourcecode.c.h; path = MWSensorsPidViewController.h; sourceTree = "<group>"; };
		44519D39179B5C7C006E4EB7 /* MWSensorsPidViewController.m */ = {isa = PBXFileReference; fileEncoding = 4; lastKnownFileType = sourcecode.c.objc; path = MWSensorsPidViewController.m; sourceTree = "<group>"; };
		44519D3C179B6A30006E4EB7 /* calibrate_acc@2x.png */ = {isa = PBXFileReference; lastKnownFileType = image.png; path = "calibrate_acc@2x.png"; sourceTree = "<group>"; };
		44519D3D179B6A30006E4EB7 /* calibrate_acc_pressed@2x.png */ = {isa = PBXFileReference; lastKnownFileType = image.png; path = "calibrate_acc_pressed@2x.png"; sourceTree = "<group>"; };
		44519D3E179B6A30006E4EB7 /* calibrate_mag@2x.png */ = {isa = PBXFileReference; lastKnownFileType = image.png; path = "calibrate_mag@2x.png"; sourceTree = "<group>"; };
		44519D3F179B6A30006E4EB7 /* calibrate_mag_pressed@2x.png */ = {isa = PBXFileReference; lastKnownFileType = image.png; path = "calibrate_mag_pressed@2x.png"; sourceTree = "<group>"; };
		44519D45179BF655006E4EB7 /* CBUUID+StringValue.h */ = {isa = PBXFileReference; fileEncoding = 4; lastKnownFileType = sourcecode.c.h; path = "CBUUID+StringValue.h"; sourceTree = "<group>"; };
		44519D46179BF655006E4EB7 /* CBUUID+StringValue.m */ = {isa = PBXFileReference; fileEncoding = 4; lastKnownFileType = sourcecode.c.objc; path = "CBUUID+StringValue.m"; sourceTree = "<group>"; };
		44519D47179BF655006E4EB7 /* MWBluetoothManager.h */ = {isa = PBXFileReference; fileEncoding = 4; lastKnownFileType = sourcecode.c.h; path = MWBluetoothManager.h; sourceTree = "<group>"; };
		44519D48179BF655006E4EB7 /* MWBluetoothManager.m */ = {isa = PBXFileReference; fileEncoding = 4; lastKnownFileType = sourcecode.c.objc; path = MWBluetoothManager.m; sourceTree = "<group>"; };
		44519D49179BF655006E4EB7 /* MWDefines.h */ = {isa = PBXFileReference; fileEncoding = 4; lastKnownFileType = sourcecode.c.h; path = MWDefines.h; sourceTree = "<group>"; };
		44519D4C179BF749006E4EB7 /* CoreBluetooth.framework */ = {isa = PBXFileReference; lastKnownFileType = wrapper.framework; name = CoreBluetooth.framework; path = System/Library/Frameworks/CoreBluetooth.framework; sourceTree = SDKROOT; };
		44519D4F179BFB72006E4EB7 /* MWSettingsEntity.h */ = {isa = PBXFileReference; fileEncoding = 4; lastKnownFileType = sourcecode.c.h; path = MWSettingsEntity.h; sourceTree = "<group>"; };
		44519D50179BFB72006E4EB7 /* MWSettingsEntity.m */ = {isa = PBXFileReference; fileEncoding = 4; lastKnownFileType = sourcecode.c.objc; path = MWSettingsEntity.m; sourceTree = "<group>"; };
		44519D52179BFE9C006E4EB7 /* MWPIDSettingsEntity.h */ = {isa = PBXFileReference; fileEncoding = 4; lastKnownFileType = sourcecode.c.h; path = MWPIDSettingsEntity.h; sourceTree = "<group>"; };
		44519D53179BFE9C006E4EB7 /* MWPIDSettingsEntity.m */ = {isa = PBXFileReference; fileEncoding = 4; lastKnownFileType = sourcecode.c.objc; path = MWPIDSettingsEntity.m; sourceTree = "<group>"; };
		44519D55179BFF26006E4EB7 /* MWFlyPidSettings.h */ = {isa = PBXFileReference; fileEncoding = 4; lastKnownFileType = sourcecode.c.h; path = MWFlyPidSettings.h; sourceTree = "<group>"; };
		44519D56179BFF26006E4EB7 /* MWFlyPidSettings.m */ = {isa = PBXFileReference; fileEncoding = 4; lastKnownFileType = sourcecode.c.objc; path = MWFlyPidSettings.m; sourceTree = "<group>"; };
		44519D5B179C04D0006E4EB7 /* MWPidSettingsManager.h */ = {isa = PBXFileReference; fileEncoding = 4; lastKnownFileType = sourcecode.c.h; path = MWPidSettingsManager.h; sourceTree = "<group>"; };
		44519D5C179C04D0006E4EB7 /* MWPidSettingsManager.m */ = {isa = PBXFileReference; fileEncoding = 4; lastKnownFileType = sourcecode.c.objc; path = MWPidSettingsManager.m; sourceTree = "<group>"; };
		44519D5E179C04F2006E4EB7 /* MWSensorsPidSettings.h */ = {isa = PBXFileReference; fileEncoding = 4; lastKnownFileType = sourcecode.c.h; path = MWSensorsPidSettings.h; sourceTree = "<group>"; };
		44519D5F179C04F2006E4EB7 /* MWSensorsPidSettings.m */ = {isa = PBXFileReference; fileEncoding = 4; lastKnownFileType = sourcecode.c.objc; path = MWSensorsPidSettings.m; sourceTree = "<group>"; };
		44519D61179C0509006E4EB7 /* MWGPSPidSettings.h */ = {isa = PBXFileReference; fileEncoding = 4; lastKnownFileType = sourcecode.c.h; path = MWGPSPidSettings.h; sourceTree = "<group>"; };
		44519D62179C0509006E4EB7 /* MWGPSPidSettings.m */ = {isa = PBXFileReference; fileEncoding = 4; lastKnownFileType = sourcecode.c.objc; path = MWGPSPidSettings.m; sourceTree = "<group>"; };
		44519D65179C7050006E4EB7 /* MWFlyPidViewController.h */ = {isa = PBXFileReference; fileEncoding = 4; lastKnownFileType = sourcecode.c.h; path = MWFlyPidViewController.h; sourceTree = "<group>"; };
		44519D66179C7050006E4EB7 /* MWFlyPidViewController.m */ = {isa = PBXFileReference; fileEncoding = 4; lastKnownFileType = sourcecode.c.objc; path = MWFlyPidViewController.m; sourceTree = "<group>"; };
		44519D69179D5223006E4EB7 /* MWConnectViewController.h */ = {isa = PBXFileReference; fileEncoding = 4; lastKnownFileType = sourcecode.c.h; path = MWConnectViewController.h; sourceTree = "<group>"; };
		44519D6A179D5223006E4EB7 /* MWConnectViewController.m */ = {isa = PBXFileReference; fileEncoding = 4; lastKnownFileType = sourcecode.c.objc; path = MWConnectViewController.m; sourceTree = "<group>"; };
		44519D6D179D83C5006E4EB7 /* MWDevicePreviewCell.h */ = {isa = PBXFileReference; fileEncoding = 4; lastKnownFileType = sourcecode.c.h; path = MWDevicePreviewCell.h; sourceTree = "<group>"; };
		44519D6E179D83C5006E4EB7 /* MWDevicePreviewCell.m */ = {isa = PBXFileReference; fileEncoding = 4; lastKnownFileType = sourcecode.c.objc; path = MWDevicePreviewCell.m; sourceTree = "<group>"; };
		44519D70179D8507006E4EB7 /* MWDevicePreviewCell.xib */ = {isa = PBXFileReference; fileEncoding = 4; lastKnownFileType = file.xib; path = MWDevicePreviewCell.xib; sourceTree = "<group>"; };
		44519D73179DCDA8006E4EB7 /* MWGlobalManager.h */ = {isa = PBXFileReference; fileEncoding = 4; lastKnownFileType = sourcecode.c.h; path = MWGlobalManager.h; sourceTree = "<group>"; };
		44519D74179DCDA8006E4EB7 /* MWGlobalManager.m */ = {isa = PBXFileReference; fileEncoding = 4; lastKnownFileType = sourcecode.c.objc; path = MWGlobalManager.m; sourceTree = "<group>"; };
		44519D76179DCF88006E4EB7 /* MWMultiwiiProtocolManager.h */ = {isa = PBXFileReference; fileEncoding = 4; lastKnownFileType = sourcecode.c.h; path = MWMultiwiiProtocolManager.h; sourceTree = "<group>"; };
		44519D77179DCF88006E4EB7 /* MWMultiwiiProtocolManager.m */ = {isa = PBXFileReference; fileEncoding = 4; lastKnownFileType = sourcecode.c.objc; path = MWMultiwiiProtocolManager.m; sourceTree = "<group>"; };
		44A6BD72178D5C3700DC95C6 /* about@2x.png */ = {isa = PBXFileReference; lastKnownFileType = image.png; path = "about@2x.png"; sourceTree = "<group>"; };
		44A6BD73178D5C3700DC95C6 /* about_pressed@2x.png */ = {isa = PBXFileReference; lastKnownFileType = image.png; path = "about_pressed@2x.png"; sourceTree = "<group>"; };
		44A6BD74178D5C3700DC95C6 /* connect@2x.png */ = {isa = PBXFileReference; lastKnownFileType = image.png; path = "connect@2x.png"; sourceTree = "<group>"; };
		44A6BD75178D5C3700DC95C6 /* connect_pressed@2x.png */ = {isa = PBXFileReference; lastKnownFileType = image.png; path = "connect_pressed@2x.png"; sourceTree = "<group>"; };
		44A6BD76178D5C3700DC95C6 /* control@2x.png */ = {isa = PBXFileReference; lastKnownFileType = image.png; path = "control@2x.png"; sourceTree = "<group>"; };
		44A6BD77178D5C3700DC95C6 /* control_pressed@2x.png */ = {isa = PBXFileReference; lastKnownFileType = image.png; path = "control_pressed@2x.png"; sourceTree = "<group>"; };
		44A6BD78178D5C3700DC95C6 /* settings@2x.png */ = {isa = PBXFileReference; lastKnownFileType = image.png; path = "settings@2x.png"; sourceTree = "<group>"; };
		44A6BD7A178D5C3700DC95C6 /* telemetry@2x.png */ = {isa = PBXFileReference; lastKnownFileType = image.png; path = "telemetry@2x.png"; sourceTree = "<group>"; };
		44A6BD7B178D5C3700DC95C6 /* telemetry_pressed@2x.png */ = {isa = PBXFileReference; lastKnownFileType = image.png; path = "telemetry_pressed@2x.png"; sourceTree = "<group>"; };
		44A6BD88178D703B00DC95C6 /* settings_pressed@2x.png */ = {isa = PBXFileReference; lastKnownFileType = image.png; path = "settings_pressed@2x.png"; sourceTree = "<group>"; };
		44A6BD8A178D744B00DC95C6 /* circle@2x.png */ = {isa = PBXFileReference; lastKnownFileType = image.png; path = "circle@2x.png"; sourceTree = "<group>"; };
		44A6BD8C178D7DE000DC95C6 /* arrow_press@2x.png */ = {isa = PBXFileReference; lastKnownFileType = image.png; path = "arrow_press@2x.png"; sourceTree = "<group>"; };
		44A6BD8D178D7DE000DC95C6 /* arrow@2x.png */ = {isa = PBXFileReference; lastKnownFileType = image.png; path = "arrow@2x.png"; sourceTree = "<group>"; };
		44A6BD8E178D7DE000DC95C6 /* grayLine.png */ = {isa = PBXFileReference; lastKnownFileType = image.png; path = grayLine.png; sourceTree = "<group>"; };
		44A6BD92178D82E200DC95C6 /* back_button_press@2x.png */ = {isa = PBXFileReference; lastKnownFileType = image.png; path = "back_button_press@2x.png"; sourceTree = "<group>"; };
		44A6BD93178D82E200DC95C6 /* back_button@2x.png */ = {isa = PBXFileReference; lastKnownFileType = image.png; path = "back_button@2x.png"; sourceTree = "<group>"; };
		44A6BD96178D86B300DC95C6 /* gradient_menu-text.png */ = {isa = PBXFileReference; lastKnownFileType = image.png; path = "gradient_menu-text.png"; sourceTree = "<group>"; };
		44A6BD97178D86B300DC95C6 /* gradient_menu-text@2x.png */ = {isa = PBXFileReference; lastKnownFileType = image.png; path = "gradient_menu-text@2x.png"; sourceTree = "<group>"; };
		44A6BD9B178D89C700DC95C6 /* MWMenuViewController.h */ = {isa = PBXFileReference; lastKnownFileType = sourcecode.c.h; path = MWMenuViewController.h; sourceTree = "<group>"; };
		44A6BD9C178D89C700DC95C6 /* MWMenuViewController.m */ = {isa = PBXFileReference; lastKnownFileType = sourcecode.c.objc; path = MWMenuViewController.m; sourceTree = "<group>"; };
		44A6BD9D178D8AA000DC95C6 /* MWMainViewController.h */ = {isa = PBXFileReference; fileEncoding = 4; lastKnownFileType = sourcecode.c.h; path = MWMainViewController.h; sourceTree = "<group>"; };
		44A6BD9E178D8AA000DC95C6 /* MWMainViewController.m */ = {isa = PBXFileReference; fileEncoding = 4; lastKnownFileType = sourcecode.c.objc; path = MWMainViewController.m; sourceTree = "<group>"; };
		44A6BDA2178D994F00DC95C6 /* MWSettingsViewController.h */ = {isa = PBXFileReference; fileEncoding = 4; lastKnownFileType = sourcecode.c.h; path = MWSettingsViewController.h; sourceTree = "<group>"; };
		44A6BDA3178D994F00DC95C6 /* MWSettingsViewController.m */ = {isa = PBXFileReference; fileEncoding = 4; lastKnownFileType = sourcecode.c.objc; path = MWSettingsViewController.m; sourceTree = "<group>"; };
		44A6BDA6178D9B0B00DC95C6 /* aux@2x.png */ = {isa = PBXFileReference; lastKnownFileType = image.png; path = "aux@2x.png"; sourceTree = "<group>"; };
		44A6BDA8178D9B0B00DC95C6 /* exponents@2x.png */ = {isa = PBXFileReference; lastKnownFileType = image.png; path = "exponents@2x.png"; sourceTree = "<group>"; };
		44A6BDA9178D9B0B00DC95C6 /* exponents_pressed@2x.png */ = {isa = PBXFileReference; lastKnownFileType = image.png; path = "exponents_pressed@2x.png"; sourceTree = "<group>"; };
		44A6BDAA178D9B0B00DC95C6 /* pid_fly@2x.png */ = {isa = PBXFileReference; lastKnownFileType = image.png; path = "pid_fly@2x.png"; sourceTree = "<group>"; };
		44A6BDAB178D9B0B00DC95C6 /* pid_fly_pressed@2x.png */ = {isa = PBXFileReference; lastKnownFileType = image.png; path = "pid_fly_pressed@2x.png"; sourceTree = "<group>"; };
		44A6BDAC178D9B0B00DC95C6 /* pid_gps@2x.png */ = {isa = PBXFileReference; lastKnownFileType = image.png; path = "pid_gps@2x.png"; sourceTree = "<group>"; };
		44A6BDAD178D9B0B00DC95C6 /* pid_gps_pressed@2x.png */ = {isa = PBXFileReference; lastKnownFileType = image.png; path = "pid_gps_pressed@2x.png"; sourceTree = "<group>"; };
		44A6BDAE178D9B0B00DC95C6 /* pid_sensors@2x.png */ = {isa = PBXFileReference; lastKnownFileType = image.png; path = "pid_sensors@2x.png"; sourceTree = "<group>"; };
		44A6BDAF178D9B0B00DC95C6 /* pid_sensors_pressed@2x.png */ = {isa = PBXFileReference; lastKnownFileType = image.png; path = "pid_sensors_pressed@2x.png"; sourceTree = "<group>"; };
		44A6BDBB178D9EC900DC95C6 /* MWMenuSubtitleCell.h */ = {isa = PBXFileReference; fileEncoding = 4; lastKnownFileType = sourcecode.c.h; path = MWMenuSubtitleCell.h; sourceTree = "<group>"; };
		44A6BDBC178D9EC900DC95C6 /* MWMenuSubtitleCell.m */ = {isa = PBXFileReference; fileEncoding = 4; lastKnownFileType = sourcecode.c.objc; path = MWMenuSubtitleCell.m; sourceTree = "<group>"; };
		44A6BDBF178DA6AD00DC95C6 /* StoryboardiPhone.storyboard */ = {isa = PBXFileReference; fileEncoding = 4; lastKnownFileType = file.storyboard; path = StoryboardiPhone.storyboard; sourceTree = "<group>"; };
		44A6BDC4178DA7ED00DC95C6 /* MWMainMenuCell.xib */ = {isa = PBXFileReference; fileEncoding = 4; lastKnownFileType = file.xib; path = MWMainMenuCell.xib; sourceTree = "<group>"; };
		44A6BDC6178DA8F200DC95C6 /* MWMenuSubtitleCell.xib */ = {isa = PBXFileReference; fileEncoding = 4; lastKnownFileType = file.xib; path = MWMenuSubtitleCell.xib; sourceTree = "<group>"; };
		44A6BDCA178DFC8400DC95C6 /* MWAboutViewController.h */ = {isa = PBXFileReference; fileEncoding = 4; lastKnownFileType = sourcecode.c.h; path = MWAboutViewController.h; sourceTree = "<group>"; };
		44A6BDCB178DFC8400DC95C6 /* MWAboutViewController.m */ = {isa = PBXFileReference; fileEncoding = 4; lastKnownFileType = sourcecode.c.objc; path = MWAboutViewController.m; sourceTree = "<group>"; };
		44A6BDCE178E020300DC95C6 /* about_author@2x.png */ = {isa = PBXFileReference; lastKnownFileType = image.png; path = "about_author@2x.png"; sourceTree = "<group>"; };
		44A6BDCF178E020300DC95C6 /* about_author_pressed@2x.png */ = {isa = PBXFileReference; lastKnownFileType = image.png; path = "about_author_pressed@2x.png"; sourceTree = "<group>"; };
		44A6BDD0178E020300DC95C6 /* about_program@2x.png */ = {isa = PBXFileReference; lastKnownFileType = image.png; path = "about_program@2x.png"; sourceTree = "<group>"; };
		44A6BDD1178E020300DC95C6 /* about_program_pressed@2x.png */ = {isa = PBXFileReference; lastKnownFileType = image.png; path = "about_program_pressed@2x.png"; sourceTree = "<group>"; };
		44A6BDD2178E020300DC95C6 /* ask@2x.png */ = {isa = PBXFileReference; lastKnownFileType = image.png; path = "ask@2x.png"; sourceTree = "<group>"; };
		44A6BDD3178E020300DC95C6 /* ask_pressed@2x.png */ = {isa = PBXFileReference; lastKnownFileType = image.png; path = "ask_pressed@2x.png"; sourceTree = "<group>"; };
		44A6BDD4178E020300DC95C6 /* bug@2x.png */ = {isa = PBXFileReference; lastKnownFileType = image.png; path = "bug@2x.png"; sourceTree = "<group>"; };
		44A6BDD5178E020300DC95C6 /* bug_pressed@2x.png */ = {isa = PBXFileReference; lastKnownFileType = image.png; path = "bug_pressed@2x.png"; sourceTree = "<group>"; };
		44A6BDD6178E020300DC95C6 /* feedback@2x.png */ = {isa = PBXFileReference; lastKnownFileType = image.png; path = "feedback@2x.png"; sourceTree = "<group>"; };
		44A6BDD7178E020300DC95C6 /* feedback_pressed@2x.png */ = {isa = PBXFileReference; lastKnownFileType = image.png; path = "feedback_pressed@2x.png"; sourceTree = "<group>"; };
		44A6BDD8178E020300DC95C6 /* how_to_connect@2x.png */ = {isa = PBXFileReference; lastKnownFileType = image.png; path = "how_to_connect@2x.png"; sourceTree = "<group>"; };
		44A6BDD9178E020300DC95C6 /* how_to_connect_pressed@2x.png */ = {isa = PBXFileReference; lastKnownFileType = image.png; path = "how_to_connect_pressed@2x.png"; sourceTree = "<group>"; };
		44A6BDE8178E06F800DC95C6 /* MWAUXCheckBoxCell.h */ = {isa = PBXFileReference; fileEncoding = 4; lastKnownFileType = sourcecode.c.h; path = MWAUXCheckBoxCell.h; sourceTree = "<group>"; };
		44A6BDE9178E06F800DC95C6 /* MWAUXCheckBoxCell.m */ = {isa = PBXFileReference; fileEncoding = 4; lastKnownFileType = sourcecode.c.objc; path = MWAUXCheckBoxCell.m; sourceTree = "<group>"; };
		44A6BDEB178E070F00DC95C6 /* MWAUXCheckBoxCell.xib */ = {isa = PBXFileReference; fileEncoding = 4; lastKnownFileType = file.xib; path = MWAUXCheckBoxCell.xib; sourceTree = "<group>"; };
		44A6BDEE178E089900DC95C6 /* aux_check@2x.png */ = {isa = PBXFileReference; lastKnownFileType = image.png; path = "aux_check@2x.png"; sourceTree = "<group>"; };
		44A6BDEF178E089900DC95C6 /* aux_uncheck@2x.png */ = {isa = PBXFileReference; lastKnownFileType = image.png; path = "aux_uncheck@2x.png"; sourceTree = "<group>"; };
		44A6BDF3178E095C00DC95C6 /* MACheckBox.h */ = {isa = PBXFileReference; fileEncoding = 4; lastKnownFileType = sourcecode.c.h; path = MACheckBox.h; sourceTree = "<group>"; };
		44A6BDF4178E095C00DC95C6 /* MACheckBox.m */ = {isa = PBXFileReference; fileEncoding = 4; lastKnownFileType = sourcecode.c.objc; path = MACheckBox.m; sourceTree = "<group>"; };
		44A6BDF7178EBB6C00DC95C6 /* MWAuxSelectViewController.h */ = {isa = PBXFileReference; fileEncoding = 4; lastKnownFileType = sourcecode.c.h; path = MWAuxSelectViewController.h; sourceTree = "<group>"; };
		44A6BDF8178EBB6C00DC95C6 /* MWAuxSelectViewController.m */ = {isa = PBXFileReference; fileEncoding = 4; lastKnownFileType = sourcecode.c.objc; path = MWAuxSelectViewController.m; sourceTree = "<group>"; };
		44A6BDFB178EC6C100DC95C6 /* MASwitch.h */ = {isa = PBXFileReference; fileEncoding = 4; lastKnownFileType = sourcecode.c.h; path = MASwitch.h; sourceTree = "<group>"; };
		44A6BDFC178EC6C100DC95C6 /* MASwitch.m */ = {isa = PBXFileReference; fileEncoding = 4; lastKnownFileType = sourcecode.c.objc; path = MASwitch.m; sourceTree = "<group>"; };
		44A6BE06178EDC0C00DC95C6 /* MWBaseButton.h */ = {isa = PBXFileReference; fileEncoding = 4; lastKnownFileType = sourcecode.c.h; path = MWBaseButton.h; sourceTree = "<group>"; };
		44A6BE07178EDC0C00DC95C6 /* MWBaseButton.m */ = {isa = PBXFileReference; fileEncoding = 4; lastKnownFileType = sourcecode.c.objc; path = MWBaseButton.m; sourceTree = "<group>"; };
		44A6BE09178EDC4000DC95C6 /* MWIconBaseButton.h */ = {isa = PBXFileReference; fileEncoding = 4; lastKnownFileType = sourcecode.c.h; path = MWIconBaseButton.h; sourceTree = "<group>"; };
		44A6BE0A178EDC4000DC95C6 /* MWIconBaseButton.m */ = {isa = PBXFileReference; fileEncoding = 4; lastKnownFileType = sourcecode.c.objc; path = MWIconBaseButton.m; sourceTree = "<group>"; };
		44A6BE0D178EDDBF00DC95C6 /* icon_button@2x.png */ = {isa = PBXFileReference; lastKnownFileType = image.png; path = "icon_button@2x.png"; sourceTree = "<group>"; };
		44A6BE0E178EDDBF00DC95C6 /* icon_button_pressed@2x.png */ = {isa = PBXFileReference; lastKnownFileType = image.png; path = "icon_button_pressed@2x.png"; sourceTree = "<group>"; };
		44A6BE11178EE50F00DC95C6 /* MWBuyButton.h */ = {isa = PBXFileReference; fileEncoding = 4; lastKnownFileType = sourcecode.c.h; path = MWBuyButton.h; sourceTree = "<group>"; };
		44A6BE12178EE50F00DC95C6 /* MWBuyButton.m */ = {isa = PBXFileReference; fileEncoding = 4; lastKnownFileType = sourcecode.c.objc; path = MWBuyButton.m; sourceTree = "<group>"; };
		44A6BE14178EE5F200DC95C6 /* MWVisitSiteButton.h */ = {isa = PBXFileReference; fileEncoding = 4; lastKnownFileType = sourcecode.c.h; path = MWVisitSiteButton.h; sourceTree = "<group>"; };
		44A6BE15178EE5F200DC95C6 /* MWVisitSiteButton.m */ = {isa = PBXFileReference; fileEncoding = 4; lastKnownFileType = sourcecode.c.objc; path = MWVisitSiteButton.m; sourceTree = "<group>"; };
		44A6BE17178EE92000DC95C6 /* buy@2x.png */ = {isa = PBXFileReference; lastKnownFileType = image.png; path = "buy@2x.png"; sourceTree = "<group>"; };
		44A6BE18178EE92000DC95C6 /* site@2x.png */ = {isa = PBXFileReference; lastKnownFileType = image.png; path = "site@2x.png"; sourceTree = "<group>"; };
		44A6BE19178EE92000DC95C6 /* top_bar_button_pressed@2x.png */ = {isa = PBXFileReference; lastKnownFileType = image.png; path = "top_bar_button_pressed@2x.png"; sourceTree = "<group>"; };
		44A6BE1A178EE92000DC95C6 /* top_bar_button@2x.png */ = {isa = PBXFileReference; lastKnownFileType = image.png; path = "top_bar_button@2x.png"; sourceTree = "<group>"; };
		44A6BE20178EF6B300DC95C6 /* MWHeader3LabelView.h */ = {isa = PBXFileReference; fileEncoding = 4; lastKnownFileType = sourcecode.c.h; path = MWHeader3LabelView.h; sourceTree = "<group>"; };
		44A6BE21178EF6B300DC95C6 /* MWHeader3LabelView.m */ = {isa = PBXFileReference; fileEncoding = 4; lastKnownFileType = sourcecode.c.objc; path = MWHeader3LabelView.m; sourceTree = "<group>"; };
		44A6BE23178EFC5600DC95C6 /* MWPidAdjustCell.h */ = {isa = PBXFileReference; fileEncoding = 4; lastKnownFileType = sourcecode.c.h; path = MWPidAdjustCell.h; sourceTree = "<group>"; };
		44A6BE24178EFC5600DC95C6 /* MWPidAdjustCell.m */ = {isa = PBXFileReference; fileEncoding = 4; lastKnownFileType = sourcecode.c.objc; path = MWPidAdjustCell.m; sourceTree = "<group>"; };
		44AE5A8F17FC231400AAAC30 /* title_element@2x.png */ = {isa = PBXFileReference; lastKnownFileType = image.png; path = "title_element@2x.png"; sourceTree = "<group>"; };
		44B4BB6A1780E0E700CE91A8 /* UIViewAdditions.h */ = {isa = PBXFileReference; fileEncoding = 4; lastKnownFileType = sourcecode.c.h; path = UIViewAdditions.h; sourceTree = "<group>"; };
		44B4BB6B1780E0E700CE91A8 /* UIViewAdditions.m */ = {isa = PBXFileReference; fileEncoding = 4; lastKnownFileType = sourcecode.c.objc; path = UIViewAdditions.m; sourceTree = "<group>"; };
		44C7CA3C1789C5520059C199 /* Splash.png */ = {isa = PBXFileReference; lastKnownFileType = image.png; path = Splash.png; sourceTree = "<group>"; };
		44C7CA3D1789C5520059C199 /* Splash5.png */ = {isa = PBXFileReference; lastKnownFileType = image.png; path = Splash5.png; sourceTree = "<group>"; };
		44C7CA3E1789C5520059C199 /* Splash@2x.png */ = {isa = PBXFileReference; lastKnownFileType = image.png; path = "Splash@2x.png"; sourceTree = "<group>"; };
		44C7CA421789C7700059C199 /* Default.png */ = {isa = PBXFileReference; lastKnownFileType = image.png; name = Default.png; path = ../../../Default.png; sourceTree = "<group>"; };
		44C7CA441789C77C0059C199 /* Default@2x.png */ = {isa = PBXFileReference; lastKnownFileType = image.png; name = "Default@2x.png"; path = "../../../Default@2x.png"; sourceTree = "<group>"; };
		44C7CA461789C7880059C199 /* Default-568h@2x.png */ = {isa = PBXFileReference; lastKnownFileType = image.png; name = "Default-568h@2x.png"; path = "../../../Default-568h@2x.png"; sourceTree = "<group>"; };
		44C7CA491789CCEC0059C199 /* MWSplashView.h */ = {isa = PBXFileReference; fileEncoding = 4; lastKnownFileType = sourcecode.c.h; path = MWSplashView.h; sourceTree = "<group>"; };
		44C7CA4A1789CCEC0059C199 /* MWSplashView.m */ = {isa = PBXFileReference; fileEncoding = 4; lastKnownFileType = sourcecode.c.objc; path = MWSplashView.m; sourceTree = "<group>"; };
		44C7CA4D1789CDA40059C199 /* MAQuadrocopterFrame.h */ = {isa = PBXFileReference; fileEncoding = 4; lastKnownFileType = sourcecode.c.h; path = MAQuadrocopterFrame.h; sourceTree = "<group>"; };
		44C7CA4E1789CDA40059C199 /* MAQuadrocopterFrame.m */ = {isa = PBXFileReference; fileEncoding = 4; lastKnownFileType = sourcecode.c.objc; path = MAQuadrocopterFrame.m; sourceTree = "<group>"; };
		44C7CA501789CDA40059C199 /* MAKnobView.h */ = {isa = PBXFileReference; fileEncoding = 4; lastKnownFileType = sourcecode.c.h; path = MAKnobView.h; sourceTree = "<group>"; };
		44C7CA511789CDA40059C199 /* MAKnobView.m */ = {isa = PBXFileReference; fileEncoding = 4; lastKnownFileType = sourcecode.c.objc; path = MAKnobView.m; sourceTree = "<group>"; };
		44C7CA521789CDA40059C199 /* MAKnobContainerLabeledView.h */ = {isa = PBXFileReference; fileEncoding = 4; lastKnownFileType = sourcecode.c.h; path = MAKnobContainerLabeledView.h; sourceTree = "<group>"; };
		44C7CA531789CDA40059C199 /* MAKnobContainerLabeledView.m */ = {isa = PBXFileReference; fileEncoding = 4; lastKnownFileType = sourcecode.c.objc; path = MAKnobContainerLabeledView.m; sourceTree = "<group>"; };
		44C7CA5A1789CE480059C199 /* MWBaseViewController.h */ = {isa = PBXFileReference; fileEncoding = 4; lastKnownFileType = sourcecode.c.h; path = MWBaseViewController.h; sourceTree = "<group>"; };
		44C7CA5B1789CE480059C199 /* MWBaseViewController.m */ = {isa = PBXFileReference; fileEncoding = 4; lastKnownFileType = sourcecode.c.objc; path = MWBaseViewController.m; sourceTree = "<group>"; };
		44C7CA611789D9850059C199 /* aux_check@2x.png */ = {isa = PBXFileReference; lastKnownFileType = image.png; path = "aux_check@2x.png"; sourceTree = "<group>"; };
		44C7CA621789D9850059C199 /* aux_uncheck@2x.png */ = {isa = PBXFileReference; lastKnownFileType = image.png; path = "aux_uncheck@2x.png"; sourceTree = "<group>"; };
		44C7CA641789D9860059C199 /* knob@2x.png */ = {isa = PBXFileReference; lastKnownFileType = image.png; path = "knob@2x.png"; sourceTree = "<group>"; };
		44C7CA651789D9860059C199 /* knob_active@2x.png */ = {isa = PBXFileReference; lastKnownFileType = image.png; path = "knob_active@2x.png"; sourceTree = "<group>"; };
		44C7CA661789D9860059C199 /* knob_handle@2x.png */ = {isa = PBXFileReference; lastKnownFileType = image.png; path = "knob_handle@2x.png"; sourceTree = "<group>"; };
		44C7CA681789D9860059C199 /* center@2x.png */ = {isa = PBXFileReference; lastKnownFileType = image.png; path = "center@2x.png"; sourceTree = "<group>"; };
		44C7CA691789D9860059C199 /* frame@2x.png */ = {isa = PBXFileReference; lastKnownFileType = image.png; path = "frame@2x.png"; sourceTree = "<group>"; };
		44C7CA6A1789D9860059C199 /* propeller@2x.png */ = {isa = PBXFileReference; lastKnownFileType = image.png; path = "propeller@2x.png"; sourceTree = "<group>"; };
		44C7CA6B1789D9860059C199 /* ring@2x.png */ = {isa = PBXFileReference; lastKnownFileType = image.png; path = "ring@2x.png"; sourceTree = "<group>"; };
		44C7CA6D1789D9860059C199 /* locked_icon@2x.png */ = {isa = PBXFileReference; lastKnownFileType = image.png; path = "locked_icon@2x.png"; sourceTree = "<group>"; };
		44C7CA6E1789D9860059C199 /* slider@2x.png */ = {isa = PBXFileReference; lastKnownFileType = image.png; path = "slider@2x.png"; sourceTree = "<group>"; };
		44C7CA6F1789D9860059C199 /* switch_locked@2x.png */ = {isa = PBXFileReference; lastKnownFileType = image.png; path = "switch_locked@2x.png"; sourceTree = "<group>"; };
		44C7CA701789D9860059C199 /* switch_unlocked@2x.png */ = {isa = PBXFileReference; lastKnownFileType = image.png; path = "switch_unlocked@2x.png"; sourceTree = "<group>"; };
		44C7CA711789D9860059C199 /* unlocked_icon@2x.png */ = {isa = PBXFileReference; lastKnownFileType = image.png; path = "unlocked_icon@2x.png"; sourceTree = "<group>"; };
		44C7CA81178A02640059C199 /* top_bar@2x.png */ = {isa = PBXFileReference; lastKnownFileType = image.png; path = "top_bar@2x.png"; sourceTree = "<group>"; };
		44C7CA83178A0BF10059C199 /* gradient_title-text@2x.png */ = {isa = PBXFileReference; lastKnownFileType = image.png; path = "gradient_title-text@2x.png"; sourceTree = "<group>"; };
		44C7CA86178A0D610059C199 /* Montserrat-Bold.ttf */ = {isa = PBXFileReference; lastKnownFileType = file; path = "Montserrat-Bold.ttf"; sourceTree = "<group>"; };
		44C7CA87178A0D610059C199 /* Montserrat-Regular.ttf */ = {isa = PBXFileReference; lastKnownFileType = file; path = "Montserrat-Regular.ttf"; sourceTree = "<group>"; };
		44C7CA88178A0D610059C199 /* MontserratAlternates-Bold.ttf */ = {isa = PBXFileReference; lastKnownFileType = file; path = "MontserratAlternates-Bold.ttf"; sourceTree = "<group>"; };
		44C7CA89178A0D610059C199 /* MontserratAlternates-Regular.ttf */ = {isa = PBXFileReference; lastKnownFileType = file; path = "MontserratAlternates-Regular.ttf"; sourceTree = "<group>"; };
		44C7CA8A178A0D610059C199 /* MontserratSubrayada-Bold.ttf */ = {isa = PBXFileReference; lastKnownFileType = file; path = "MontserratSubrayada-Bold.ttf"; sourceTree = "<group>"; };
		44C7CA8B178A0D610059C199 /* MontserratSubrayada-Regular.ttf */ = {isa = PBXFileReference; lastKnownFileType = file; path = "MontserratSubrayada-Regular.ttf"; sourceTree = "<group>"; };
		44C7CA93178A19300059C199 /* bg_pattern@2x.png */ = {isa = PBXFileReference; lastKnownFileType = image.png; path = "bg_pattern@2x.png"; sourceTree = "<group>"; };
		44C7CA94178A19300059C199 /* cell@2x.png */ = {isa = PBXFileReference; lastKnownFileType = image.png; path = "cell@2x.png"; sourceTree = "<group>"; };
		44C7CA9B178A1C430059C199 /* MWBaseTableViewCell.h */ = {isa = PBXFileReference; fileEncoding = 4; lastKnownFileType = sourcecode.c.h; path = MWBaseTableViewCell.h; sourceTree = "<group>"; };
		44C7CA9C178A1C430059C199 /* MWBaseTableViewCell.m */ = {isa = PBXFileReference; fileEncoding = 4; lastKnownFileType = sourcecode.c.objc; path = MWBaseTableViewCell.m; sourceTree = "<group>"; };
		44C7CA9E178A1C5D0059C199 /* MWMainMenuCell.h */ = {isa = PBXFileReference; fileEncoding = 4; lastKnownFileType = sourcecode.c.h; path = MWMainMenuCell.h; sourceTree = "<group>"; };
		44C7CA9F178A1C5D0059C199 /* MWMainMenuCell.m */ = {isa = PBXFileReference; fileEncoding = 4; lastKnownFileType = sourcecode.c.objc; path = MWMainMenuCell.m; sourceTree = "<group>"; };
/* End PBXFileReference section */

/* Begin PBXFrameworksBuildPhase section */
		44453C9917518F6900929EC8 /* Frameworks */ = {
			isa = PBXFrameworksBuildPhase;
			buildActionMask = 2147483647;
			files = (
				44519D4D179BF749006E4EB7 /* CoreBluetooth.framework in Frameworks */,
				44453CA017518F6900929EC8 /* UIKit.framework in Frameworks */,
				44453CA217518F6900929EC8 /* Foundation.framework in Frameworks */,
				44453CA417518F6900929EC8 /* CoreGraphics.framework in Frameworks */,
			);
			runOnlyForDeploymentPostprocessing = 0;
		};
/* End PBXFrameworksBuildPhase section */

/* Begin PBXGroup section */
		4403BCB117EF702000B5A4E1 /* TopbarButton */ = {
			isa = PBXGroup;
			children = (
				4403BCB217EF708300B5A4E1 /* MWTopbarButton.h */,
				4403BCB317EF708300B5A4E1 /* MWTopbarButton.m */,
			);
			path = TopbarButton;
			sourceTree = "<group>";
		};
		4403BCB517EF7ABC00B5A4E1 /* SettingsIcons */ = {
			isa = PBXGroup;
			children = (
				4403BCB617EF7ABC00B5A4E1 /* level@2x.png */,
				4403BCB717EF7ABC00B5A4E1 /* pitch@2x.png */,
				4403BCB817EF7ABC00B5A4E1 /* roll@2x.png */,
				4403BCB917EF7ABC00B5A4E1 /* yaw@2x.png */,
			);
			path = SettingsIcons;
			sourceTree = "<group>";
		};
		44453C9317518F6900929EC8 = {
			isa = PBXGroup;
			children = (
				44453CA517518F6900929EC8 /* MultiWii */,
				44453C9E17518F6900929EC8 /* Frameworks */,
				44453C9D17518F6900929EC8 /* Products */,
			);
			sourceTree = "<group>";
		};
		44453C9D17518F6900929EC8 /* Products */ = {
			isa = PBXGroup;
			children = (
				44453C9C17518F6900929EC8 /* MultiWii.app */,
			);
			name = Products;
			sourceTree = "<group>";
		};
		44453C9E17518F6900929EC8 /* Frameworks */ = {
			isa = PBXGroup;
			children = (
				44519D4C179BF749006E4EB7 /* CoreBluetooth.framework */,
				44453C9F17518F6900929EC8 /* UIKit.framework */,
				44453CA117518F6900929EC8 /* Foundation.framework */,
				44453CA317518F6900929EC8 /* CoreGraphics.framework */,
			);
			name = Frameworks;
			sourceTree = "<group>";
		};
		44453CA517518F6900929EC8 /* MultiWii */ = {
			isa = PBXGroup;
			children = (
				44B4BB691780E09700CE91A8 /* Extesions */,
				44B4BB631780D3EB00CE91A8 /* Views */,
				44B4BB641780D3EB00CE91A8 /* ViewControllers */,
				44B4BB651780D3EB00CE91A8 /* BluetoothLogic */,
				44519D72179DCD79006E4EB7 /* Business */,
				44453CAE17518F6900929EC8 /* MWAppDelegate.h */,
				44453CAF17518F6900929EC8 /* MWAppDelegate.m */,
				44A6BDBE178DA6AD00DC95C6 /* UI */,
				44453CA617518F6900929EC8 /* Supporting Files */,
				44C7CA3A1789C5520059C199 /* Resources */,
			);
			path = MultiWii;
			sourceTree = "<group>";
		};
		44453CA617518F6900929EC8 /* Supporting Files */ = {
			isa = PBXGroup;
			children = (
				44453CA717518F6900929EC8 /* MultiWii-Info.plist */,
				44453CA817518F6900929EC8 /* InfoPlist.strings */,
				44453CAB17518F6900929EC8 /* main.m */,
				44453CAD17518F6900929EC8 /* MultiWii-Prefix.pch */,
			);
			name = "Supporting Files";
			sourceTree = "<group>";
		};
		44519D37179B5BE5006E4EB7 /* Sensors */ = {
			isa = PBXGroup;
			children = (
				44519D38179B5C7C006E4EB7 /* MWSensorsPidViewController.h */,
				44519D39179B5C7C006E4EB7 /* MWSensorsPidViewController.m */,
			);
			path = Sensors;
			sourceTree = "<group>";
		};
		44519D3B179B6A30006E4EB7 /* calibrate */ = {
			isa = PBXGroup;
			children = (
				44519D3C179B6A30006E4EB7 /* calibrate_acc@2x.png */,
				44519D3D179B6A30006E4EB7 /* calibrate_acc_pressed@2x.png */,
				44519D3E179B6A30006E4EB7 /* calibrate_mag@2x.png */,
				44519D3F179B6A30006E4EB7 /* calibrate_mag_pressed@2x.png */,
			);
			path = calibrate;
			sourceTree = "<group>";
		};
		44519D44179BF655006E4EB7 /* Core */ = {
			isa = PBXGroup;
			children = (
				44519D45179BF655006E4EB7 /* CBUUID+StringValue.h */,
				44519D46179BF655006E4EB7 /* CBUUID+StringValue.m */,
				44519D47179BF655006E4EB7 /* MWBluetoothManager.h */,
				44519D48179BF655006E4EB7 /* MWBluetoothManager.m */,
				44519D49179BF655006E4EB7 /* MWDefines.h */,
			);
			path = Core;
			sourceTree = "<group>";
		};
		44519D4E179BFAB8006E4EB7 /* Entities */ = {
			isa = PBXGroup;
			children = (
				44519D4F179BFB72006E4EB7 /* MWSettingsEntity.h */,
				44519D50179BFB72006E4EB7 /* MWSettingsEntity.m */,
				44519D52179BFE9C006E4EB7 /* MWPIDSettingsEntity.h */,
				44519D53179BFE9C006E4EB7 /* MWPIDSettingsEntity.m */,
				44519D55179BFF26006E4EB7 /* MWFlyPidSettings.h */,
				44519D56179BFF26006E4EB7 /* MWFlyPidSettings.m */,
				44519D5E179C04F2006E4EB7 /* MWSensorsPidSettings.h */,
				44519D5F179C04F2006E4EB7 /* MWSensorsPidSettings.m */,
				44519D61179C0509006E4EB7 /* MWGPSPidSettings.h */,
				44519D62179C0509006E4EB7 /* MWGPSPidSettings.m */,
			);
			path = Entities;
			sourceTree = "<group>";
		};
		44519D64179C7034006E4EB7 /* Fly */ = {
			isa = PBXGroup;
			children = (
				44519D65179C7050006E4EB7 /* MWFlyPidViewController.h */,
				44519D66179C7050006E4EB7 /* MWFlyPidViewController.m */,
			);
			path = Fly;
			sourceTree = "<group>";
		};
		44519D68179D51FF006E4EB7 /* Connect */ = {
			isa = PBXGroup;
			children = (
				44519D69179D5223006E4EB7 /* MWConnectViewController.h */,
				44519D6A179D5223006E4EB7 /* MWConnectViewController.m */,
			);
			path = Connect;
			sourceTree = "<group>";
		};
		44519D6C179D7FB7006E4EB7 /* DevicePreviewCell */ = {
			isa = PBXGroup;
			children = (
				44519D6D179D83C5006E4EB7 /* MWDevicePreviewCell.h */,
				44519D6E179D83C5006E4EB7 /* MWDevicePreviewCell.m */,
				44519D70179D8507006E4EB7 /* MWDevicePreviewCell.xib */,
			);
			path = DevicePreviewCell;
			sourceTree = "<group>";
		};
		44519D72179DCD79006E4EB7 /* Business */ = {
			isa = PBXGroup;
			children = (
				44519D73179DCDA8006E4EB7 /* MWGlobalManager.h */,
				44519D74179DCDA8006E4EB7 /* MWGlobalManager.m */,
				44519D76179DCF88006E4EB7 /* MWMultiwiiProtocolManager.h */,
				44519D77179DCF88006E4EB7 /* MWMultiwiiProtocolManager.m */,
			);
			path = Business;
			sourceTree = "<group>";
		};
		44A6BD71178D5C3700DC95C6 /* MainMenu */ = {
			isa = PBXGroup;
			children = (
				44A6BD96178D86B300DC95C6 /* gradient_menu-text.png */,
				44A6BD97178D86B300DC95C6 /* gradient_menu-text@2x.png */,
				44A6BD8C178D7DE000DC95C6 /* arrow_press@2x.png */,
				44A6BD8D178D7DE000DC95C6 /* arrow@2x.png */,
				44A6BD8E178D7DE000DC95C6 /* grayLine.png */,
				44A6BD8A178D744B00DC95C6 /* circle@2x.png */,
				44A6BD72178D5C3700DC95C6 /* about@2x.png */,
				44A6BD73178D5C3700DC95C6 /* about_pressed@2x.png */,
				44A6BD74178D5C3700DC95C6 /* connect@2x.png */,
				44A6BD75178D5C3700DC95C6 /* connect_pressed@2x.png */,
				44A6BD76178D5C3700DC95C6 /* control@2x.png */,
				44A6BD77178D5C3700DC95C6 /* control_pressed@2x.png */,
				44A6BD78178D5C3700DC95C6 /* settings@2x.png */,
				44A6BD88178D703B00DC95C6 /* settings_pressed@2x.png */,
				44A6BD7A178D5C3700DC95C6 /* telemetry@2x.png */,
				44A6BD7B178D5C3700DC95C6 /* telemetry_pressed@2x.png */,
			);
			path = MainMenu;
			sourceTree = "<group>";
		};
		44A6BD9A178D88F400DC95C6 /* MenuBase */ = {
			isa = PBXGroup;
			children = (
				44A6BD9B178D89C700DC95C6 /* MWMenuViewController.h */,
				44A6BD9C178D89C700DC95C6 /* MWMenuViewController.m */,
			);
			path = MenuBase;
			sourceTree = "<group>";
		};
		44A6BDA1178D937C00DC95C6 /* Settings */ = {
			isa = PBXGroup;
			children = (
				44A6BDA2178D994F00DC95C6 /* MWSettingsViewController.h */,
				44A6BDA3178D994F00DC95C6 /* MWSettingsViewController.m */,
			);
			path = Settings;
			sourceTree = "<group>";
		};
		44A6BDA5178D9B0B00DC95C6 /* SettingsMenu */ = {
			isa = PBXGroup;
			children = (
				44A6BDA6178D9B0B00DC95C6 /* aux@2x.png */,
				44519D33179B4ACD006E4EB7 /* aux_pressed@2x.png */,
				44A6BDA8178D9B0B00DC95C6 /* exponents@2x.png */,
				44A6BDA9178D9B0B00DC95C6 /* exponents_pressed@2x.png */,
				44A6BDAA178D9B0B00DC95C6 /* pid_fly@2x.png */,
				44A6BDAB178D9B0B00DC95C6 /* pid_fly_pressed@2x.png */,
				44A6BDAC178D9B0B00DC95C6 /* pid_gps@2x.png */,
				44A6BDAD178D9B0B00DC95C6 /* pid_gps_pressed@2x.png */,
				44A6BDAE178D9B0B00DC95C6 /* pid_sensors@2x.png */,
				44A6BDAF178D9B0B00DC95C6 /* pid_sensors_pressed@2x.png */,
			);
			path = SettingsMenu;
			sourceTree = "<group>";
		};
		44A6BDBA178D9E9E00DC95C6 /* MenuTableViewCellSubtitle */ = {
			isa = PBXGroup;
			children = (
				44A6BDBB178D9EC900DC95C6 /* MWMenuSubtitleCell.h */,
				44A6BDBC178D9EC900DC95C6 /* MWMenuSubtitleCell.m */,
				44A6BDC6178DA8F200DC95C6 /* MWMenuSubtitleCell.xib */,
			);
			name = MenuTableViewCellSubtitle;
			path = MultiWii/Views/Cells/MenuTableViewCellSubtitle;
			sourceTree = SOURCE_ROOT;
		};
		44A6BDBE178DA6AD00DC95C6 /* UI */ = {
			isa = PBXGroup;
			children = (
				44A6BDBF178DA6AD00DC95C6 /* StoryboardiPhone.storyboard */,
			);
			path = UI;
			sourceTree = "<group>";
		};
		44A6BDC9178DFC5D00DC95C6 /* About */ = {
			isa = PBXGroup;
			children = (
				44A6BDCA178DFC8400DC95C6 /* MWAboutViewController.h */,
				44A6BDCB178DFC8400DC95C6 /* MWAboutViewController.m */,
			);
			path = About;
			sourceTree = "<group>";
		};
		44A6BDCD178E020300DC95C6 /* About */ = {
			isa = PBXGroup;
			children = (
				44A6BDCE178E020300DC95C6 /* about_author@2x.png */,
				44A6BDCF178E020300DC95C6 /* about_author_pressed@2x.png */,
				44A6BDD0178E020300DC95C6 /* about_program@2x.png */,
				44A6BDD1178E020300DC95C6 /* about_program_pressed@2x.png */,
				44A6BDD2178E020300DC95C6 /* ask@2x.png */,
				44A6BDD3178E020300DC95C6 /* ask_pressed@2x.png */,
				44A6BDD4178E020300DC95C6 /* bug@2x.png */,
				44A6BDD5178E020300DC95C6 /* bug_pressed@2x.png */,
				44A6BDD6178E020300DC95C6 /* feedback@2x.png */,
				44A6BDD7178E020300DC95C6 /* feedback_pressed@2x.png */,
				44A6BDD8178E020300DC95C6 /* how_to_connect@2x.png */,
				44A6BDD9178E020300DC95C6 /* how_to_connect_pressed@2x.png */,
			);
			path = About;
			sourceTree = "<group>";
		};
		44A6BDE6178E05C400DC95C6 /* AUXCell */ = {
			isa = PBXGroup;
			children = (
				44A6BDE8178E06F800DC95C6 /* MWAUXCheckBoxCell.h */,
				44A6BDE9178E06F800DC95C6 /* MWAUXCheckBoxCell.m */,
				44A6BDEB178E070F00DC95C6 /* MWAUXCheckBoxCell.xib */,
			);
			path = AUXCell;
			sourceTree = "<group>";
		};
		44A6BDE7178E05C400DC95C6 /* PIDAdjustCell */ = {
			isa = PBXGroup;
			children = (
				44A6BE23178EFC5600DC95C6 /* MWPidAdjustCell.h */,
				44A6BE24178EFC5600DC95C6 /* MWPidAdjustCell.m */,
				44519D35179B4B7F006E4EB7 /* MWPidAdjustCell.xib */,
			);
			path = PIDAdjustCell;
			sourceTree = "<group>";
		};
		44A6BDED178E089800DC95C6 /* AUXCheckBox */ = {
			isa = PBXGroup;
			children = (
				44A6BDEE178E089900DC95C6 /* aux_check@2x.png */,
				44A6BDEF178E089900DC95C6 /* aux_uncheck@2x.png */,
			);
			path = AUXCheckBox;
			sourceTree = "<group>";
		};
		44A6BDF2178E095B00DC95C6 /* AuxCheckBox */ = {
			isa = PBXGroup;
			children = (
				44A6BDF3178E095C00DC95C6 /* MACheckBox.h */,
				44A6BDF4178E095C00DC95C6 /* MACheckBox.m */,
			);
			path = AuxCheckBox;
			sourceTree = "<group>";
		};
		44A6BDF6178EBAA100DC95C6 /* AUX */ = {
			isa = PBXGroup;
			children = (
				44A6BDF7178EBB6C00DC95C6 /* MWAuxSelectViewController.h */,
				44A6BDF8178EBB6C00DC95C6 /* MWAuxSelectViewController.m */,
			);
			path = AUX;
			sourceTree = "<group>";
		};
		44A6BDFA178EC6C100DC95C6 /* Switch */ = {
			isa = PBXGroup;
			children = (
				44A6BDFB178EC6C100DC95C6 /* MASwitch.h */,
				44A6BDFC178EC6C100DC95C6 /* MASwitch.m */,
			);
			path = Switch;
			sourceTree = "<group>";
		};
		44A6BE01178EDB8100DC95C6 /* Buttons */ = {
			isa = PBXGroup;
			children = (
				4403BCB117EF702000B5A4E1 /* TopbarButton */,
				44A6BE02178EDB8200DC95C6 /* BaseButton */,
				44A6BE03178EDB8200DC95C6 /* IconButton */,
			);
			path = Buttons;
			sourceTree = "<group>";
		};
		44A6BE02178EDB8200DC95C6 /* BaseButton */ = {
			isa = PBXGroup;
			children = (
				44A6BE06178EDC0C00DC95C6 /* MWBaseButton.h */,
				44A6BE07178EDC0C00DC95C6 /* MWBaseButton.m */,
			);
			path = BaseButton;
			sourceTree = "<group>";
		};
		44A6BE03178EDB8200DC95C6 /* IconButton */ = {
			isa = PBXGroup;
			children = (
				44A6BE04178EDB8200DC95C6 /* Buy */,
				44A6BE05178EDB8200DC95C6 /* Site */,
				44A6BE09178EDC4000DC95C6 /* MWIconBaseButton.h */,
				44A6BE0A178EDC4000DC95C6 /* MWIconBaseButton.m */,
			);
			path = IconButton;
			sourceTree = "<group>";
		};
		44A6BE04178EDB8200DC95C6 /* Buy */ = {
			isa = PBXGroup;
			children = (
				44A6BE11178EE50F00DC95C6 /* MWBuyButton.h */,
				44A6BE12178EE50F00DC95C6 /* MWBuyButton.m */,
			);
			path = Buy;
			sourceTree = "<group>";
		};
		44A6BE05178EDB8200DC95C6 /* Site */ = {
			isa = PBXGroup;
			children = (
				44A6BE14178EE5F200DC95C6 /* MWVisitSiteButton.h */,
				44A6BE15178EE5F200DC95C6 /* MWVisitSiteButton.m */,
			);
			path = Site;
			sourceTree = "<group>";
		};
		44A6BE0C178EDDBE00DC95C6 /* Buttons */ = {
			isa = PBXGroup;
			children = (
				44A6BE17178EE92000DC95C6 /* buy@2x.png */,
				44A6BE18178EE92000DC95C6 /* site@2x.png */,
				44A6BE19178EE92000DC95C6 /* top_bar_button_pressed@2x.png */,
				44A6BE1A178EE92000DC95C6 /* top_bar_button@2x.png */,
				44A6BE0D178EDDBF00DC95C6 /* icon_button@2x.png */,
				44A6BE0E178EDDBF00DC95C6 /* icon_button_pressed@2x.png */,
			);
			path = Buttons;
			sourceTree = "<group>";
		};
		44A6BE1F178EF67900DC95C6 /* Header3LabelView */ = {
			isa = PBXGroup;
			children = (
				44A6BE20178EF6B300DC95C6 /* MWHeader3LabelView.h */,
				44A6BE21178EF6B300DC95C6 /* MWHeader3LabelView.m */,
			);
			path = Header3LabelView;
			sourceTree = "<group>";
		};
		44B4BB631780D3EB00CE91A8 /* Views */ = {
			isa = PBXGroup;
			children = (
				44C7CA98178A1C250059C199 /* Cells */,
				44A6BE1F178EF67900DC95C6 /* Header3LabelView */,
				44C7CA4C1789CDA40059C199 /* QuadFrameView */,
				44C7CA4F1789CDA40059C199 /* KnobView */,
				44C7CA481789CCEC0059C199 /* SplashView */,
				44A6BDF2178E095B00DC95C6 /* AuxCheckBox */,
				44A6BDFA178EC6C100DC95C6 /* Switch */,
				44A6BE01178EDB8100DC95C6 /* Buttons */,
			);
			path = Views;
			sourceTree = "<group>";
		};
		44B4BB641780D3EB00CE91A8 /* ViewControllers */ = {
			isa = PBXGroup;
			children = (
				44C7CA5A1789CE480059C199 /* MWBaseViewController.h */,
				44C7CA5B1789CE480059C199 /* MWBaseViewController.m */,
				44519D68179D51FF006E4EB7 /* Connect */,
				44519D64179C7034006E4EB7 /* Fly */,
				44519D37179B5BE5006E4EB7 /* Sensors */,
				44A6BD9A178D88F400DC95C6 /* MenuBase */,
				44C7CA591789CE2D0059C199 /* Main */,
				44A6BDA1178D937C00DC95C6 /* Settings */,
				44A6BDC9178DFC5D00DC95C6 /* About */,
				44A6BDF6178EBAA100DC95C6 /* AUX */,
			);
			path = ViewControllers;
			sourceTree = "<group>";
		};
		44B4BB651780D3EB00CE91A8 /* BluetoothLogic */ = {
			isa = PBXGroup;
			children = (
				44519D5B179C04D0006E4EB7 /* MWPidSettingsManager.h */,
				44519D5C179C04D0006E4EB7 /* MWPidSettingsManager.m */,
				44519D4E179BFAB8006E4EB7 /* Entities */,
				44519D44179BF655006E4EB7 /* Core */,
			);
			path = BluetoothLogic;
			sourceTree = "<group>";
		};
		44B4BB691780E09700CE91A8 /* Extesions */ = {
			isa = PBXGroup;
			children = (
				44B4BB6A1780E0E700CE91A8 /* UIViewAdditions.h */,
				44B4BB6B1780E0E700CE91A8 /* UIViewAdditions.m */,
			);
			path = Extesions;
			sourceTree = "<group>";
		};
		44C7CA3A1789C5520059C199 /* Resources */ = {
			isa = PBXGroup;
			children = (
				4403BCB517EF7ABC00B5A4E1 /* SettingsIcons */,
				44519D3B179B6A30006E4EB7 /* calibrate */,
				44A6BE0C178EDDBE00DC95C6 /* Buttons */,
				44A6BDED178E089800DC95C6 /* AUXCheckBox */,
				44A6BDCD178E020300DC95C6 /* About */,
				44A6BDA5178D9B0B00DC95C6 /* SettingsMenu */,
				44A6BD71178D5C3700DC95C6 /* MainMenu */,
				44C7CA92178A192F0059C199 /* Common */,
				44C7CA85178A0D610059C199 /* Fonts */,
				44C7CA80178A02640059C199 /* NavigationBar */,
				44C7CA601789D9850059C199 /* CheckBox */,
				44C7CA631789D9850059C199 /* Knob */,
				44C7CA671789D9860059C199 /* QuadFrame */,
				44C7CA6C1789D9860059C199 /* Switch */,
				44C7CA3B1789C5520059C199 /* Splash */,
			);
			path = Resources;
			sourceTree = "<group>";
		};
		44C7CA3B1789C5520059C199 /* Splash */ = {
			isa = PBXGroup;
			children = (
				44C7CA461789C7880059C199 /* Default-568h@2x.png */,
				44C7CA441789C77C0059C199 /* Default@2x.png */,
				44C7CA421789C7700059C199 /* Default.png */,
				44C7CA3C1789C5520059C199 /* Splash.png */,
				44C7CA3D1789C5520059C199 /* Splash5.png */,
				44C7CA3E1789C5520059C199 /* Splash@2x.png */,
			);
			path = Splash;
			sourceTree = "<group>";
		};
		44C7CA481789CCEC0059C199 /* SplashView */ = {
			isa = PBXGroup;
			children = (
				44C7CA491789CCEC0059C199 /* MWSplashView.h */,
				44C7CA4A1789CCEC0059C199 /* MWSplashView.m */,
			);
			path = SplashView;
			sourceTree = "<group>";
		};
		44C7CA4C1789CDA40059C199 /* QuadFrameView */ = {
			isa = PBXGroup;
			children = (
				44C7CA4D1789CDA40059C199 /* MAQuadrocopterFrame.h */,
				44C7CA4E1789CDA40059C199 /* MAQuadrocopterFrame.m */,
			);
			path = QuadFrameView;
			sourceTree = "<group>";
		};
		44C7CA4F1789CDA40059C199 /* KnobView */ = {
			isa = PBXGroup;
			children = (
				44C7CA501789CDA40059C199 /* MAKnobView.h */,
				44C7CA511789CDA40059C199 /* MAKnobView.m */,
				44C7CA521789CDA40059C199 /* MAKnobContainerLabeledView.h */,
				44C7CA531789CDA40059C199 /* MAKnobContainerLabeledView.m */,
			);
			path = KnobView;
			sourceTree = "<group>";
		};
		44C7CA591789CE2D0059C199 /* Main */ = {
			isa = PBXGroup;
			children = (
				44A6BD9D178D8AA000DC95C6 /* MWMainViewController.h */,
				44A6BD9E178D8AA000DC95C6 /* MWMainViewController.m */,
			);
			path = Main;
			sourceTree = "<group>";
		};
		44C7CA601789D9850059C199 /* CheckBox */ = {
			isa = PBXGroup;
			children = (
				44C7CA611789D9850059C199 /* aux_check@2x.png */,
				44C7CA621789D9850059C199 /* aux_uncheck@2x.png */,
			);
			path = CheckBox;
			sourceTree = "<group>";
		};
		44C7CA631789D9850059C199 /* Knob */ = {
			isa = PBXGroup;
			children = (
				44C7CA641789D9860059C199 /* knob@2x.png */,
				44C7CA651789D9860059C199 /* knob_active@2x.png */,
				44C7CA661789D9860059C199 /* knob_handle@2x.png */,
			);
			path = Knob;
			sourceTree = "<group>";
		};
		44C7CA671789D9860059C199 /* QuadFrame */ = {
			isa = PBXGroup;
			children = (
				44C7CA681789D9860059C199 /* center@2x.png */,
				44C7CA691789D9860059C199 /* frame@2x.png */,
				44C7CA6A1789D9860059C199 /* propeller@2x.png */,
				44C7CA6B1789D9860059C199 /* ring@2x.png */,
			);
			path = QuadFrame;
			sourceTree = "<group>";
		};
		44C7CA6C1789D9860059C199 /* Switch */ = {
			isa = PBXGroup;
			children = (
				44C7CA6D1789D9860059C199 /* locked_icon@2x.png */,
				44C7CA6E1789D9860059C199 /* slider@2x.png */,
				44C7CA6F1789D9860059C199 /* switch_locked@2x.png */,
				44C7CA701789D9860059C199 /* switch_unlocked@2x.png */,
				44C7CA711789D9860059C199 /* unlocked_icon@2x.png */,
			);
			path = Switch;
			sourceTree = "<group>";
		};
		44C7CA80178A02640059C199 /* NavigationBar */ = {
			isa = PBXGroup;
			children = (
				44C7CA83178A0BF10059C199 /* gradient_title-text@2x.png */,
				44C7CA81178A02640059C199 /* top_bar@2x.png */,
			);
			path = NavigationBar;
			sourceTree = "<group>";
		};
		44C7CA85178A0D610059C199 /* Fonts */ = {
			isa = PBXGroup;
			children = (
				44C7CA86178A0D610059C199 /* Montserrat-Bold.ttf */,
				44C7CA87178A0D610059C199 /* Montserrat-Regular.ttf */,
				44C7CA88178A0D610059C199 /* MontserratAlternates-Bold.ttf */,
				44C7CA89178A0D610059C199 /* MontserratAlternates-Regular.ttf */,
				44C7CA8A178A0D610059C199 /* MontserratSubrayada-Bold.ttf */,
				44C7CA8B178A0D610059C199 /* MontserratSubrayada-Regular.ttf */,
			);
			path = Fonts;
			sourceTree = "<group>";
		};
		44C7CA92178A192F0059C199 /* Common */ = {
			isa = PBXGroup;
			children = (
				44AE5A8F17FC231400AAAC30 /* title_element@2x.png */,
				44519D2F179B1BD7006E4EB7 /* separator.png */,
				44519D30179B1BD7006E4EB7 /* separator@2x.png */,
				44A6BD92178D82E200DC95C6 /* back_button_press@2x.png */,
				44A6BD93178D82E200DC95C6 /* back_button@2x.png */,
				44C7CA93178A19300059C199 /* bg_pattern@2x.png */,
				44C7CA94178A19300059C199 /* cell@2x.png */,
			);
			path = Common;
			sourceTree = "<group>";
		};
		44C7CA98178A1C250059C199 /* Cells */ = {
			isa = PBXGroup;
			children = (
				44519D6C179D7FB7006E4EB7 /* DevicePreviewCell */,
				44A6BDE6178E05C400DC95C6 /* AUXCell */,
				44A6BDE7178E05C400DC95C6 /* PIDAdjustCell */,
				44C7CA99178A1C250059C199 /* BaseCell */,
				44C7CA9A178A1C250059C199 /* MenuTableViewCell */,
				44A6BDBA178D9E9E00DC95C6 /* MenuTableViewCellSubtitle */,
			);
			path = Cells;
			sourceTree = "<group>";
		};
		44C7CA99178A1C250059C199 /* BaseCell */ = {
			isa = PBXGroup;
			children = (
				44C7CA9B178A1C430059C199 /* MWBaseTableViewCell.h */,
				44C7CA9C178A1C430059C199 /* MWBaseTableViewCell.m */,
			);
			path = BaseCell;
			sourceTree = "<group>";
		};
		44C7CA9A178A1C250059C199 /* MenuTableViewCell */ = {
			isa = PBXGroup;
			children = (
				44C7CA9E178A1C5D0059C199 /* MWMainMenuCell.h */,
				44C7CA9F178A1C5D0059C199 /* MWMainMenuCell.m */,
				44A6BDC4178DA7ED00DC95C6 /* MWMainMenuCell.xib */,
			);
			path = MenuTableViewCell;
			sourceTree = "<group>";
		};
/* End PBXGroup section */

/* Begin PBXNativeTarget section */
		44453C9B17518F6900929EC8 /* MultiWii */ = {
			isa = PBXNativeTarget;
			buildConfigurationList = 44453CB917518F6900929EC8 /* Build configuration list for PBXNativeTarget "MultiWii" */;
			buildPhases = (
				44453C9817518F6900929EC8 /* Sources */,
				44453C9917518F6900929EC8 /* Frameworks */,
				44453C9A17518F6900929EC8 /* Resources */,
			);
			buildRules = (
			);
			dependencies = (
			);
			name = MultiWii;
			productName = MultiWii;
			productReference = 44453C9C17518F6900929EC8 /* MultiWii.app */;
			productType = "com.apple.product-type.application";
		};
/* End PBXNativeTarget section */

/* Begin PBXProject section */
		44453C9417518F6900929EC8 /* Project object */ = {
			isa = PBXProject;
			attributes = {
				CLASSPREFIX = MW;
				LastUpgradeCheck = 0460;
				ORGANIZATIONNAME = EugeneSkrebnev;
			};
			buildConfigurationList = 44453C9717518F6900929EC8 /* Build configuration list for PBXProject "MultiWii" */;
			compatibilityVersion = "Xcode 3.2";
			developmentRegion = English;
			hasScannedForEncodings = 0;
			knownRegions = (
				en,
			);
			mainGroup = 44453C9317518F6900929EC8;
			productRefGroup = 44453C9D17518F6900929EC8 /* Products */;
			projectDirPath = "";
			projectRoot = "";
			targets = (
				44453C9B17518F6900929EC8 /* MultiWii */,
			);
		};
/* End PBXProject section */

/* Begin PBXResourcesBuildPhase section */
		44453C9A17518F6900929EC8 /* Resources */ = {
			isa = PBXResourcesBuildPhase;
			buildActionMask = 2147483647;
			files = (
				44453CAA17518F6900929EC8 /* InfoPlist.strings in Resources */,
				44C7CA3F1789C5520059C199 /* Splash.png in Resources */,
				44C7CA401789C5520059C199 /* Splash5.png in Resources */,
				44C7CA411789C5520059C199 /* Splash@2x.png in Resources */,
				44C7CA431789C7700059C199 /* Default.png in Resources */,
				44C7CA451789C77C0059C199 /* Default@2x.png in Resources */,
				44C7CA471789C7880059C199 /* Default-568h@2x.png in Resources */,
				44C7CA721789D9860059C199 /* aux_check@2x.png in Resources */,
				44C7CA731789D9860059C199 /* aux_uncheck@2x.png in Resources */,
				44C7CA741789D9860059C199 /* knob@2x.png in Resources */,
				44C7CA751789D9860059C199 /* knob_active@2x.png in Resources */,
				44C7CA761789D9860059C199 /* knob_handle@2x.png in Resources */,
				44C7CA771789D9860059C199 /* center@2x.png in Resources */,
				44C7CA781789D9860059C199 /* frame@2x.png in Resources */,
				44C7CA791789D9860059C199 /* propeller@2x.png in Resources */,
				44C7CA7A1789D9860059C199 /* ring@2x.png in Resources */,
				44C7CA7B1789D9860059C199 /* locked_icon@2x.png in Resources */,
				44C7CA7C1789D9860059C199 /* slider@2x.png in Resources */,
				44C7CA7D1789D9860059C199 /* switch_locked@2x.png in Resources */,
				44C7CA7E1789D9860059C199 /* switch_unlocked@2x.png in Resources */,
				44C7CA7F1789D9860059C199 /* unlocked_icon@2x.png in Resources */,
				44C7CA82178A02640059C199 /* top_bar@2x.png in Resources */,
				44C7CA84178A0BF20059C199 /* gradient_title-text@2x.png in Resources */,
				44C7CA8C178A0D610059C199 /* Montserrat-Bold.ttf in Resources */,
				44C7CA8D178A0D610059C199 /* Montserrat-Regular.ttf in Resources */,
				44C7CA8E178A0D610059C199 /* MontserratAlternates-Bold.ttf in Resources */,
				44C7CA8F178A0D610059C199 /* MontserratAlternates-Regular.ttf in Resources */,
				44C7CA90178A0D610059C199 /* MontserratSubrayada-Bold.ttf in Resources */,
				44C7CA91178A0D610059C199 /* MontserratSubrayada-Regular.ttf in Resources */,
				44C7CA95178A19300059C199 /* bg_pattern@2x.png in Resources */,
				44C7CA96178A19300059C199 /* cell@2x.png in Resources */,
				44A6BD7C178D5C3700DC95C6 /* about@2x.png in Resources */,
				44A6BD7D178D5C3700DC95C6 /* about_pressed@2x.png in Resources */,
				44A6BD7E178D5C3700DC95C6 /* connect@2x.png in Resources */,
				44A6BD7F178D5C3700DC95C6 /* connect_pressed@2x.png in Resources */,
				44A6BD80178D5C3700DC95C6 /* control@2x.png in Resources */,
				44A6BD81178D5C3700DC95C6 /* control_pressed@2x.png in Resources */,
				44A6BD82178D5C3700DC95C6 /* settings@2x.png in Resources */,
				44A6BD84178D5C3700DC95C6 /* telemetry@2x.png in Resources */,
				44A6BD85178D5C3700DC95C6 /* telemetry_pressed@2x.png in Resources */,
				44A6BD89178D703B00DC95C6 /* settings_pressed@2x.png in Resources */,
				44A6BD8B178D744B00DC95C6 /* circle@2x.png in Resources */,
				44A6BD8F178D7DE000DC95C6 /* arrow_press@2x.png in Resources */,
				44A6BD90178D7DE000DC95C6 /* arrow@2x.png in Resources */,
				44A6BD91178D7DE000DC95C6 /* grayLine.png in Resources */,
				44A6BD94178D82E200DC95C6 /* back_button_press@2x.png in Resources */,
				44A6BD95178D82E200DC95C6 /* back_button@2x.png in Resources */,
				44A6BD98178D86B300DC95C6 /* gradient_menu-text.png in Resources */,
				44A6BD99178D86B300DC95C6 /* gradient_menu-text@2x.png in Resources */,
				44A6BDB0178D9B0B00DC95C6 /* aux@2x.png in Resources */,
				44A6BDB2178D9B0B00DC95C6 /* exponents@2x.png in Resources */,
				44A6BDB3178D9B0B00DC95C6 /* exponents_pressed@2x.png in Resources */,
				44A6BDB4178D9B0B00DC95C6 /* pid_fly@2x.png in Resources */,
				44A6BDB5178D9B0B00DC95C6 /* pid_fly_pressed@2x.png in Resources */,
				44A6BDB6178D9B0B00DC95C6 /* pid_gps@2x.png in Resources */,
				44A6BDB7178D9B0B00DC95C6 /* pid_gps_pressed@2x.png in Resources */,
				44A6BDB8178D9B0B00DC95C6 /* pid_sensors@2x.png in Resources */,
				44A6BDB9178D9B0B00DC95C6 /* pid_sensors_pressed@2x.png in Resources */,
				44A6BDC3178DA6AD00DC95C6 /* StoryboardiPhone.storyboard in Resources */,
				44A6BDC5178DA7ED00DC95C6 /* MWMainMenuCell.xib in Resources */,
				44A6BDC7178DA8F200DC95C6 /* MWMenuSubtitleCell.xib in Resources */,
				44A6BDDA178E020300DC95C6 /* about_author@2x.png in Resources */,
				44A6BDDB178E020300DC95C6 /* about_author_pressed@2x.png in Resources */,
				44A6BDDC178E020300DC95C6 /* about_program@2x.png in Resources */,
				44A6BDDD178E020300DC95C6 /* about_program_pressed@2x.png in Resources */,
				44A6BDDE178E020300DC95C6 /* ask@2x.png in Resources */,
				44A6BDDF178E020300DC95C6 /* ask_pressed@2x.png in Resources */,
				44A6BDE0178E020300DC95C6 /* bug@2x.png in Resources */,
				44A6BDE1178E020300DC95C6 /* bug_pressed@2x.png in Resources */,
				44A6BDE2178E020300DC95C6 /* feedback@2x.png in Resources */,
				44A6BDE3178E020300DC95C6 /* feedback_pressed@2x.png in Resources */,
				44A6BDE4178E020300DC95C6 /* how_to_connect@2x.png in Resources */,
				44A6BDE5178E020300DC95C6 /* how_to_connect_pressed@2x.png in Resources */,
				44A6BDEC178E070F00DC95C6 /* MWAUXCheckBoxCell.xib in Resources */,
				44A6BDF0178E089900DC95C6 /* aux_check@2x.png in Resources */,
				44A6BDF1178E089900DC95C6 /* aux_uncheck@2x.png in Resources */,
				44A6BE0F178EDDBF00DC95C6 /* icon_button@2x.png in Resources */,
				44A6BE10178EDDBF00DC95C6 /* icon_button_pressed@2x.png in Resources */,
				44A6BE1B178EE92000DC95C6 /* buy@2x.png in Resources */,
				44A6BE1C178EE92000DC95C6 /* site@2x.png in Resources */,
				44A6BE1D178EE92000DC95C6 /* top_bar_button_pressed@2x.png in Resources */,
				44A6BE1E178EE92000DC95C6 /* top_bar_button@2x.png in Resources */,
				44519D31179B1BD7006E4EB7 /* separator.png in Resources */,
				44519D32179B1BD7006E4EB7 /* separator@2x.png in Resources */,
				44519D34179B4ACD006E4EB7 /* aux_pressed@2x.png in Resources */,
				44519D36179B4B7F006E4EB7 /* MWPidAdjustCell.xib in Resources */,
				44519D40179B6A30006E4EB7 /* calibrate_acc@2x.png in Resources */,
				44519D41179B6A30006E4EB7 /* calibrate_acc_pressed@2x.png in Resources */,
				44519D42179B6A30006E4EB7 /* calibrate_mag@2x.png in Resources */,
				44519D43179B6A30006E4EB7 /* calibrate_mag_pressed@2x.png in Resources */,
				44519D71179D8507006E4EB7 /* MWDevicePreviewCell.xib in Resources */,
				4403BCBA17EF7ABC00B5A4E1 /* level@2x.png in Resources */,
				4403BCBB17EF7ABC00B5A4E1 /* pitch@2x.png in Resources */,
				4403BCBC17EF7ABC00B5A4E1 /* roll@2x.png in Resources */,
				4403BCBD17EF7ABC00B5A4E1 /* yaw@2x.png in Resources */,
				44AE5A9017FC231400AAAC30 /* title_element@2x.png in Resources */,
			);
			runOnlyForDeploymentPostprocessing = 0;
		};
/* End PBXResourcesBuildPhase section */

/* Begin PBXSourcesBuildPhase section */
		44453C9817518F6900929EC8 /* Sources */ = {
			isa = PBXSourcesBuildPhase;
			buildActionMask = 2147483647;
			files = (
				44453CAC17518F6900929EC8 /* main.m in Sources */,
				44453CB017518F6900929EC8 /* MWAppDelegate.m in Sources */,
				44B4BB6C1780E0E700CE91A8 /* UIViewAdditions.m in Sources */,
				44C7CA4B1789CCEC0059C199 /* MWSplashView.m in Sources */,
				44C7CA541789CDA40059C199 /* MAQuadrocopterFrame.m in Sources */,
				44C7CA551789CDA40059C199 /* MAKnobView.m in Sources */,
				44C7CA561789CDA40059C199 /* MAKnobContainerLabeledView.m in Sources */,
				44C7CA5C1789CE480059C199 /* MWBaseViewController.m in Sources */,
				44C7CA9D178A1C430059C199 /* MWBaseTableViewCell.m in Sources */,
				44C7CAA0178A1C5D0059C199 /* MWMainMenuCell.m in Sources */,
				44A6BD9F178D8AA000DC95C6 /* MWMainViewController.m in Sources */,
				44A6BDA0178D8B1C00DC95C6 /* MWMenuViewController.m in Sources */,
				44A6BDA4178D994F00DC95C6 /* MWSettingsViewController.m in Sources */,
				44A6BDBD178D9EC900DC95C6 /* MWMenuSubtitleCell.m in Sources */,
				44A6BDCC178DFC8400DC95C6 /* MWAboutViewController.m in Sources */,
				44A6BDEA178E06F800DC95C6 /* MWAUXCheckBoxCell.m in Sources */,
				44A6BDF5178E095C00DC95C6 /* MACheckBox.m in Sources */,
				44A6BDF9178EBB6C00DC95C6 /* MWAuxSelectViewController.m in Sources */,
				44A6BDFD178EC6C100DC95C6 /* MASwitch.m in Sources */,
				44A6BE08178EDC0C00DC95C6 /* MWBaseButton.m in Sources */,
				44A6BE0B178EDC4000DC95C6 /* MWIconBaseButton.m in Sources */,
				44A6BE13178EE50F00DC95C6 /* MWBuyButton.m in Sources */,
				44A6BE16178EE5F200DC95C6 /* MWVisitSiteButton.m in Sources */,
				44A6BE22178EF6B300DC95C6 /* MWHeader3LabelView.m in Sources */,
				44A6BE25178EFC5600DC95C6 /* MWPidAdjustCell.m in Sources */,
				44519D3A179B5C7C006E4EB7 /* MWSensorsPidViewController.m in Sources */,
				44519D4A179BF655006E4EB7 /* CBUUID+StringValue.m in Sources */,
				44519D4B179BF655006E4EB7 /* MWBluetoothManager.m in Sources */,
				44519D51179BFB72006E4EB7 /* MWSettingsEntity.m in Sources */,
				44519D54179BFE9C006E4EB7 /* MWPIDSettingsEntity.m in Sources */,
				44519D57179BFF27006E4EB7 /* MWFlyPidSettings.m in Sources */,
				44519D5D179C04D1006E4EB7 /* MWPidSettingsManager.m in Sources */,
				44519D60179C04F2006E4EB7 /* MWSensorsPidSettings.m in Sources */,
				44519D63179C050A006E4EB7 /* MWGPSPidSettings.m in Sources */,
				44519D67179C7050006E4EB7 /* MWFlyPidViewController.m in Sources */,
				44519D6B179D5223006E4EB7 /* MWConnectViewController.m in Sources */,
				44519D6F179D83C5006E4EB7 /* MWDevicePreviewCell.m in Sources */,
				44519D75179DCDA8006E4EB7 /* MWGlobalManager.m in Sources */,
				44519D78179DCF88006E4EB7 /* MWMultiwiiProtocolManager.m in Sources */,
				4403BCB417EF708300B5A4E1 /* MWTopbarButton.m in Sources */,
			);
			runOnlyForDeploymentPostprocessing = 0;
		};
/* End PBXSourcesBuildPhase section */

/* Begin PBXVariantGroup section */
		44453CA817518F6900929EC8 /* InfoPlist.strings */ = {
			isa = PBXVariantGroup;
			children = (
				44453CA917518F6900929EC8 /* en */,
			);
			name = InfoPlist.strings;
			sourceTree = "<group>";
		};
/* End PBXVariantGroup section */

/* Begin XCBuildConfiguration section */
		44453CB717518F6900929EC8 /* Debug */ = {
			isa = XCBuildConfiguration;
			buildSettings = {
				ALWAYS_SEARCH_USER_PATHS = NO;
				CLANG_CXX_LANGUAGE_STANDARD = "gnu++0x";
				CLANG_CXX_LIBRARY = "libc++";
				CLANG_ENABLE_OBJC_ARC = YES;
				CLANG_WARN_CONSTANT_CONVERSION = YES;
				CLANG_WARN_EMPTY_BODY = YES;
				CLANG_WARN_ENUM_CONVERSION = YES;
				CLANG_WARN_INT_CONVERSION = YES;
				CLANG_WARN__DUPLICATE_METHOD_MATCH = YES;
				"CODE_SIGN_IDENTITY[sdk=iphoneos*]" = "iPhone Developer";
				COPY_PHASE_STRIP = NO;
				GCC_C_LANGUAGE_STANDARD = gnu99;
				GCC_DYNAMIC_NO_PIC = NO;
				GCC_OPTIMIZATION_LEVEL = 0;
				GCC_PREPROCESSOR_DEFINITIONS = (
					"DEBUG=1",
					"$(inherited)",
				);
				GCC_SYMBOLS_PRIVATE_EXTERN = NO;
				GCC_WARN_ABOUT_RETURN_TYPE = YES;
				GCC_WARN_UNINITIALIZED_AUTOS = YES;
				GCC_WARN_UNUSED_VARIABLE = YES;
				IPHONEOS_DEPLOYMENT_TARGET = 6.1;
				ONLY_ACTIVE_ARCH = YES;
				SDKROOT = iphoneos;
			};
			name = Debug;
		};
		44453CB817518F6900929EC8 /* Release */ = {
			isa = XCBuildConfiguration;
			buildSettings = {
				ALWAYS_SEARCH_USER_PATHS = NO;
				CLANG_CXX_LANGUAGE_STANDARD = "gnu++0x";
				CLANG_CXX_LIBRARY = "libc++";
				CLANG_ENABLE_OBJC_ARC = YES;
				CLANG_WARN_CONSTANT_CONVERSION = YES;
				CLANG_WARN_EMPTY_BODY = YES;
				CLANG_WARN_ENUM_CONVERSION = YES;
				CLANG_WARN_INT_CONVERSION = YES;
				CLANG_WARN__DUPLICATE_METHOD_MATCH = YES;
				"CODE_SIGN_IDENTITY[sdk=iphoneos*]" = "iPhone Developer";
				COPY_PHASE_STRIP = YES;
				GCC_C_LANGUAGE_STANDARD = gnu99;
				GCC_WARN_ABOUT_RETURN_TYPE = YES;
				GCC_WARN_UNINITIALIZED_AUTOS = YES;
				GCC_WARN_UNUSED_VARIABLE = YES;
				IPHONEOS_DEPLOYMENT_TARGET = 6.1;
				OTHER_CFLAGS = "-DNS_BLOCK_ASSERTIONS=1";
				SDKROOT = iphoneos;
				VALIDATE_PRODUCT = YES;
			};
			name = Release;
		};
		44453CBA17518F6900929EC8 /* Debug */ = {
			isa = XCBuildConfiguration;
			buildSettings = {
				GCC_PRECOMPILE_PREFIX_HEADER = YES;
				GCC_PREFIX_HEADER = "MultiWii/MultiWii-Prefix.pch";
				GCC_TREAT_WARNINGS_AS_ERRORS = YES;
				INFOPLIST_FILE = "MultiWii/MultiWii-Info.plist";
				IPHONEOS_DEPLOYMENT_TARGET = 5.0;
				PRODUCT_NAME = "$(TARGET_NAME)";
				WRAPPER_EXTENSION = app;
			};
			name = Debug;
		};
		44453CBB17518F6900929EC8 /* Release */ = {
			isa = XCBuildConfiguration;
			buildSettings = {
				GCC_PRECOMPILE_PREFIX_HEADER = YES;
				GCC_PREFIX_HEADER = "MultiWii/MultiWii-Prefix.pch";
				GCC_TREAT_WARNINGS_AS_ERRORS = YES;
				INFOPLIST_FILE = "MultiWii/MultiWii-Info.plist";
				IPHONEOS_DEPLOYMENT_TARGET = 5.0;
				PRODUCT_NAME = "$(TARGET_NAME)";
				WRAPPER_EXTENSION = app;
			};
			name = Release;
		};
/* End XCBuildConfiguration section */

/* Begin XCConfigurationList section */
		44453C9717518F6900929EC8 /* Build configuration list for PBXProject "MultiWii" */ = {
			isa = XCConfigurationList;
			buildConfigurations = (
				44453CB717518F6900929EC8 /* Debug */,
				44453CB817518F6900929EC8 /* Release */,
			);
			defaultConfigurationIsVisible = 0;
			defaultConfigurationName = Release;
		};
		44453CB917518F6900929EC8 /* Build configuration list for PBXNativeTarget "MultiWii" */ = {
			isa = XCConfigurationList;
			buildConfigurations = (
				44453CBA17518F6900929EC8 /* Debug */,
				44453CBB17518F6900929EC8 /* Release */,
			);
			defaultConfigurationIsVisible = 0;
			defaultConfigurationName = Release;
		};
/* End XCConfigurationList section */
	};
	rootObject = 44453C9417518F6900929EC8 /* Project object */;
}
